
Microsoft Visual Studio Solution File, Format Version 12.00
# Visual Studio Version 16
VisualStudioVersion = 16.0.29215.179
MinimumVisualStudioVersion = 10.0.40219.1
Project("{8BC9CEB8-8B4A-11D0-8D11-00A0C91BC942}") = "例4.1-递归求和", "例4.1-递归求和\例4.1-递归求和.vcxproj", "{B5430629-5AC9-4B0F-A051-36D899210B58}"
EndProject
Project("{8BC9CEB8-8B4A-11D0-8D11-00A0C91BC942}") = "例4.2-二分查找", "例4.2-二分查找\例4.2-二分查找.vcxproj", "{70B21A62-CB42-4BE6-92E4-ECA15D777331}"
EndProject
Project("{8BC9CEB8-8B4A-11D0-8D11-00A0C91BC942}") = "例4.3-汉诺塔（Hanoi）问题", "例4.3-汉诺塔（Hanoi）问题\例4.3-汉诺塔（Hanoi）问题.vcxproj", "{74CA7C75-5088-4275-B5C7-2F47B2EAF8C0}"
EndProject
Project("{8BC9CEB8-8B4A-11D0-8D11-00A0C91BC942}") = "例4.4-斐波那契（Fibonacci）数列", "例4.4-斐波那契（Fibonacci）数列\例4.4-斐波那契（Fibonacci）数列.vcxproj", "{A8C40C02-5A0B-4C10-BEAD-1C972E2D2AB7}"
EndProject
Project("{8BC9CEB8-8B4A-11D0-8D11-00A0C91BC942}") = "例4.5-集合划分", "例4.5-集合划分\例4.5-集合划分.vcxproj", "{DE1870A6-6A02-4D85-AA86-2D9F6C7C9B52}"
EndProject
Project("{8BC9CEB8-8B4A-11D0-8D11-00A0C91BC942}") = "例4.6-数的计数", "例4.6-数的计数\例4.6-数的计数.vcxproj", "{00861DA9-981F-4E6B-91C1-47CC7110607C}"
EndProject
Project("{8BC9CEB8-8B4A-11D0-8D11-00A0C91BC942}") = "练习1-逆波兰表达式", "练习1-逆波兰表达式\练习1-逆波兰表达式.vcxproj", "{8C6783DF-737E-4C89-898A-A41C8B2715E7}"
EndProject
Project("{8BC9CEB8-8B4A-11D0-8D11-00A0C91BC942}") = "练习2-全排列", "练习2-全排列\练习2-全排列.vcxproj", "{797505E4-F379-4848-8504-BF76DD8586C0}"
EndProject
Project("{8BC9CEB8-8B4A-11D0-8D11-00A0C91BC942}") = "练习3-分解因数", "练习3-分解因数\练习3-分解因数.vcxproj", "{D77DE25B-1A6F-4419-9337-9858FBF1E3D7}"
EndProject
Project("{8BC9CEB8-8B4A-11D0-8D11-00A0C91BC942}") = "练习4-斐波那契数列", "练习4-斐波那契数列\练习4-斐波那契数列.vcxproj", "{5CE1FE82-B1C4-465A-BE17-92D16EE822E6}"
EndProject
Project("{8BC9CEB8-8B4A-11D0-8D11-00A0C91BC942}") = "练习5-Pell数列", "练习5-Pell数列\练习5-Pell数列.vcxproj", "{A5EE3101-A542-4DE9-9F06-4B61240B1547}"
EndProject
Project("{8BC9CEB8-8B4A-11D0-8D11-00A0C91BC942}") = "练习6-括号匹配问题", "练习6-括号匹配问题\练习6-括号匹配问题.vcxproj", "{2483FF93-1A27-4619-B2AB-B287300454FD}"
EndProject
Project("{8BC9CEB8-8B4A-11D0-8D11-00A0C91BC942}") = "练习7-爬楼梯", "练习7-爬楼梯\练习7-爬楼梯.vcxproj", "{072071AB-A5CE-46AF-ABE1-06B121E13429}"
EndProject
Project("{8BC9CEB8-8B4A-11D0-8D11-00A0C91BC942}") = "练习8-汉诺塔问题", "练习8-汉诺塔问题\练习8-汉诺塔问题.vcxproj", "{ACE4C4BF-3C62-46EE-85FB-8B9A59D1570D}"
EndProject
Project("{8BC9CEB8-8B4A-11D0-8D11-00A0C91BC942}") = "练习9-放苹果", "练习9-放苹果\练习9-放苹果.vcxproj", "{A625BD9B-D210-456D-992A-92C2A6D6A5D1}"
EndProject
Project("{8BC9CEB8-8B4A-11D0-8D11-00A0C91BC942}") = "练习10-求最大公因数问题", "练习10-求最大公因数问题\练习10-求最大公因数问题.vcxproj", "{1CECFDBF-8DFC-446E-8551-CBEB0894F8EA}"
EndProject
Project("{8BC9CEB8-8B4A-11D0-8D11-00A0C91BC942}") = "练习11-2的幂次方表示", "练习11-2的幂次方表示\练习11-2的幂次方表示.vcxproj", "{4B3A07F8-83DA-442C-9622-A5DE79830D66}"
EndProject
Project("{8BC9CEB8-8B4A-11D0-8D11-00A0C91BC942}") = "练习12-分数求和", "练习12-分数求和\练习12-分数求和.vcxproj", "{0232C6EA-D587-4D64-BC2F-F495484277E0}"
EndProject
Project("{8BC9CEB8-8B4A-11D0-8D11-00A0C91BC942}") = "练习13-因子分解", "练习13-因子分解\练习13-因子分解.vcxproj", "{65A33940-B375-4EE9-9F85-BDC867FE2602}"
EndProject
Project("{8BC9CEB8-8B4A-11D0-8D11-00A0C91BC942}") = "练习14-判断元素是否存在", "练习14-判断元素是否存在\练习14-判断元素是否存在.vcxproj", "{A528EF8C-BBD9-4729-A530-F7506DB1A941}"
EndProject
Global
	GlobalSection(SolutionConfigurationPlatforms) = preSolution
		Debug|x64 = Debug|x64
		Debug|x86 = Debug|x86
		Release|x64 = Release|x64
		Release|x86 = Release|x86
	EndGlobalSection
	GlobalSection(ProjectConfigurationPlatforms) = postSolution
		{B5430629-5AC9-4B0F-A051-36D899210B58}.Debug|x64.ActiveCfg = Debug|x64
		{B5430629-5AC9-4B0F-A051-36D899210B58}.Debug|x64.Build.0 = Debug|x64
		{B5430629-5AC9-4B0F-A051-36D899210B58}.Debug|x86.ActiveCfg = Debug|Win32
		{B5430629-5AC9-4B0F-A051-36D899210B58}.Debug|x86.Build.0 = Debug|Win32
		{B5430629-5AC9-4B0F-A051-36D899210B58}.Release|x64.ActiveCfg = Release|x64
		{B5430629-5AC9-4B0F-A051-36D899210B58}.Release|x64.Build.0 = Release|x64
		{B5430629-5AC9-4B0F-A051-36D899210B58}.Release|x86.ActiveCfg = Release|Win32
		{B5430629-5AC9-4B0F-A051-36D899210B58}.Release|x86.Build.0 = Release|Win32
		{70B21A62-CB42-4BE6-92E4-ECA15D777331}.Debug|x64.ActiveCfg = Debug|x64
		{70B21A62-CB42-4BE6-92E4-ECA15D777331}.Debug|x64.Build.0 = Debug|x64
		{70B21A62-CB42-4BE6-92E4-ECA15D777331}.Debug|x86.ActiveCfg = Debug|Win32
		{70B21A62-CB42-4BE6-92E4-ECA15D777331}.Debug|x86.Build.0 = Debug|Win32
		{70B21A62-CB42-4BE6-92E4-ECA15D777331}.Release|x64.ActiveCfg = Release|x64
		{70B21A62-CB42-4BE6-92E4-ECA15D777331}.Release|x64.Build.0 = Release|x64
		{70B21A62-CB42-4BE6-92E4-ECA15D777331}.Release|x86.ActiveCfg = Release|Win32
		{70B21A62-CB42-4BE6-92E4-ECA15D777331}.Release|x86.Build.0 = Release|Win32
		{74CA7C75-5088-4275-B5C7-2F47B2EAF8C0}.Debug|x64.ActiveCfg = Debug|x64
		{74CA7C75-5088-4275-B5C7-2F47B2EAF8C0}.Debug|x64.Build.0 = Debug|x64
		{74CA7C75-5088-4275-B5C7-2F47B2EAF8C0}.Debug|x86.ActiveCfg = Debug|Win32
		{74CA7C75-5088-4275-B5C7-2F47B2EAF8C0}.Debug|x86.Build.0 = Debug|Win32
		{74CA7C75-5088-4275-B5C7-2F47B2EAF8C0}.Release|x64.ActiveCfg = Release|x64
		{74CA7C75-5088-4275-B5C7-2F47B2EAF8C0}.Release|x64.Build.0 = Release|x64
		{74CA7C75-5088-4275-B5C7-2F47B2EAF8C0}.Release|x86.ActiveCfg = Release|Win32
		{74CA7C75-5088-4275-B5C7-2F47B2EAF8C0}.Release|x86.Build.0 = Release|Win32
		{A8C40C02-5A0B-4C10-BEAD-1C972E2D2AB7}.Debug|x64.ActiveCfg = Debug|x64
		{A8C40C02-5A0B-4C10-BEAD-1C972E2D2AB7}.Debug|x64.Build.0 = Debug|x64
		{A8C40C02-5A0B-4C10-BEAD-1C972E2D2AB7}.Debug|x86.ActiveCfg = Debug|Win32
		{A8C40C02-5A0B-4C10-BEAD-1C972E2D2AB7}.Debug|x86.Build.0 = Debug|Win32
		{A8C40C02-5A0B-4C10-BEAD-1C972E2D2AB7}.Release|x64.ActiveCfg = Release|x64
		{A8C40C02-5A0B-4C10-BEAD-1C972E2D2AB7}.Release|x64.Build.0 = Release|x64
		{A8C40C02-5A0B-4C10-BEAD-1C972E2D2AB7}.Release|x86.ActiveCfg = Release|Win32
		{A8C40C02-5A0B-4C10-BEAD-1C972E2D2AB7}.Release|x86.Build.0 = Release|Win32
		{DE1870A6-6A02-4D85-AA86-2D9F6C7C9B52}.Debug|x64.ActiveCfg = Debug|x64
		{DE1870A6-6A02-4D85-AA86-2D9F6C7C9B52}.Debug|x64.Build.0 = Debug|x64
		{DE1870A6-6A02-4D85-AA86-2D9F6C7C9B52}.Debug|x86.ActiveCfg = Debug|Win32
		{DE1870A6-6A02-4D85-AA86-2D9F6C7C9B52}.Debug|x86.Build.0 = Debug|Win32
		{DE1870A6-6A02-4D85-AA86-2D9F6C7C9B52}.Release|x64.ActiveCfg = Release|x64
		{DE1870A6-6A02-4D85-AA86-2D9F6C7C9B52}.Release|x64.Build.0 = Release|x64
		{DE1870A6-6A02-4D85-AA86-2D9F6C7C9B52}.Release|x86.ActiveCfg = Release|Win32
		{DE1870A6-6A02-4D85-AA86-2D9F6C7C9B52}.Release|x86.Build.0 = Release|Win32
		{00861DA9-981F-4E6B-91C1-47CC7110607C}.Debug|x64.ActiveCfg = Debug|x64
		{00861DA9-981F-4E6B-91C1-47CC7110607C}.Debug|x64.Build.0 = Debug|x64
		{00861DA9-981F-4E6B-91C1-47CC7110607C}.Debug|x86.ActiveCfg = Debug|Win32
		{00861DA9-981F-4E6B-91C1-47CC7110607C}.Debug|x86.Build.0 = Debug|Win32
		{00861DA9-981F-4E6B-91C1-47CC7110607C}.Release|x64.ActiveCfg = Release|x64
		{00861DA9-981F-4E6B-91C1-47CC7110607C}.Release|x64.Build.0 = Release|x64
		{00861DA9-981F-4E6B-91C1-47CC7110607C}.Release|x86.ActiveCfg = Release|Win32
		{00861DA9-981F-4E6B-91C1-47CC7110607C}.Release|x86.Build.0 = Release|Win32
		{8C6783DF-737E-4C89-898A-A41C8B2715E7}.Debug|x64.ActiveCfg = Debug|x64
		{8C6783DF-737E-4C89-898A-A41C8B2715E7}.Debug|x64.Build.0 = Debug|x64
		{8C6783DF-737E-4C89-898A-A41C8B2715E7}.Debug|x86.ActiveCfg = Debug|Win32
		{8C6783DF-737E-4C89-898A-A41C8B2715E7}.Debug|x86.Build.0 = Debug|Win32
		{8C6783DF-737E-4C89-898A-A41C8B2715E7}.Release|x64.ActiveCfg = Release|x64
		{8C6783DF-737E-4C89-898A-A41C8B2715E7}.Release|x64.Build.0 = Release|x64
		{8C6783DF-737E-4C89-898A-A41C8B2715E7}.Release|x86.ActiveCfg = Release|Win32
		{8C6783DF-737E-4C89-898A-A41C8B2715E7}.Release|x86.Build.0 = Release|Win32
		{797505E4-F379-4848-8504-BF76DD8586C0}.Debug|x64.ActiveCfg = Debug|x64
		{797505E4-F379-4848-8504-BF76DD8586C0}.Debug|x64.Build.0 = Debug|x64
		{797505E4-F379-4848-8504-BF76DD8586C0}.Debug|x86.ActiveCfg = Debug|Win32
		{797505E4-F379-4848-8504-BF76DD8586C0}.Debug|x86.Build.0 = Debug|Win32
		{797505E4-F379-4848-8504-BF76DD8586C0}.Release|x64.ActiveCfg = Release|x64
		{797505E4-F379-4848-8504-BF76DD8586C0}.Release|x64.Build.0 = Release|x64
		{797505E4-F379-4848-8504-BF76DD8586C0}.Release|x86.ActiveCfg = Release|Win32
		{797505E4-F379-4848-8504-BF76DD8586C0}.Release|x86.Build.0 = Release|Win32
		{D77DE25B-1A6F-4419-9337-9858FBF1E3D7}.Debug|x64.ActiveCfg = Debug|x64
		{D77DE25B-1A6F-4419-9337-9858FBF1E3D7}.Debug|x64.Build.0 = Debug|x64
		{D77DE25B-1A6F-4419-9337-9858FBF1E3D7}.Debug|x86.ActiveCfg = Debug|Win32
		{D77DE25B-1A6F-4419-9337-9858FBF1E3D7}.Debug|x86.Build.0 = Debug|Win32
		{D77DE25B-1A6F-4419-9337-9858FBF1E3D7}.Release|x64.ActiveCfg = Release|x64
		{D77DE25B-1A6F-4419-9337-9858FBF1E3D7}.Release|x64.Build.0 = Release|x64
		{D77DE25B-1A6F-4419-9337-9858FBF1E3D7}.Release|x86.ActiveCfg = Release|Win32
		{D77DE25B-1A6F-4419-9337-9858FBF1E3D7}.Release|x86.Build.0 = Release|Win32
		{5CE1FE82-B1C4-465A-BE17-92D16EE822E6}.Debug|x64.ActiveCfg = Debug|x64
		{5CE1FE82-B1C4-465A-BE17-92D16EE822E6}.Debug|x64.Build.0 = Debug|x64
		{5CE1FE82-B1C4-465A-BE17-92D16EE822E6}.Debug|x86.ActiveCfg = Debug|Win32
		{5CE1FE82-B1C4-465A-BE17-92D16EE822E6}.Debug|x86.Build.0 = Debug|Win32
		{5CE1FE82-B1C4-465A-BE17-92D16EE822E6}.Release|x64.ActiveCfg = Release|x64
		{5CE1FE82-B1C4-465A-BE17-92D16EE822E6}.Release|x64.Build.0 = Release|x64
		{5CE1FE82-B1C4-465A-BE17-92D16EE822E6}.Release|x86.ActiveCfg = Release|Win32
		{5CE1FE82-B1C4-465A-BE17-92D16EE822E6}.Release|x86.Build.0 = Release|Win32
		{A5EE3101-A542-4DE9-9F06-4B61240B1547}.Debug|x64.ActiveCfg = Debug|x64
		{A5EE3101-A542-4DE9-9F06-4B61240B1547}.Debug|x64.Build.0 = Debug|x64
		{A5EE3101-A542-4DE9-9F06-4B61240B1547}.Debug|x86.ActiveCfg = Debug|Win32
		{A5EE3101-A542-4DE9-9F06-4B61240B1547}.Debug|x86.Build.0 = Debug|Win32
		{A5EE3101-A542-4DE9-9F06-4B61240B1547}.Release|x64.ActiveCfg = Release|x64
		{A5EE3101-A542-4DE9-9F06-4B61240B1547}.Release|x64.Build.0 = Release|x64
		{A5EE3101-A542-4DE9-9F06-4B61240B1547}.Release|x86.ActiveCfg = Release|Win32
		{A5EE3101-A542-4DE9-9F06-4B61240B1547}.Release|x86.Build.0 = Release|Win32
		{2483FF93-1A27-4619-B2AB-B287300454FD}.Debug|x64.ActiveCfg = Debug|x64
		{2483FF93-1A27-4619-B2AB-B287300454FD}.Debug|x64.Build.0 = Debug|x64
		{2483FF93-1A27-4619-B2AB-B287300454FD}.Debug|x86.ActiveCfg = Debug|Win32
		{2483FF93-1A27-4619-B2AB-B287300454FD}.Debug|x86.Build.0 = Debug|Win32
		{2483FF93-1A27-4619-B2AB-B287300454FD}.Release|x64.ActiveCfg = Release|x64
		{2483FF93-1A27-4619-B2AB-B287300454FD}.Release|x64.Build.0 = Release|x64
		{2483FF93-1A27-4619-B2AB-B287300454FD}.Release|x86.ActiveCfg = Release|Win32
		{2483FF93-1A27-4619-B2AB-B287300454FD}.Release|x86.Build.0 = Release|Win32
		{072071AB-A5CE-46AF-ABE1-06B121E13429}.Debug|x64.ActiveCfg = Debug|x64
		{072071AB-A5CE-46AF-ABE1-06B121E13429}.Debug|x64.Build.0 = Debug|x64
		{072071AB-A5CE-46AF-ABE1-06B121E13429}.Debug|x86.ActiveCfg = Debug|Win32
		{072071AB-A5CE-46AF-ABE1-06B121E13429}.Debug|x86.Build.0 = Debug|Win32
		{072071AB-A5CE-46AF-ABE1-06B121E13429}.Release|x64.ActiveCfg = Release|x64
		{072071AB-A5CE-46AF-ABE1-06B121E13429}.Release|x64.Build.0 = Release|x64
		{072071AB-A5CE-46AF-ABE1-06B121E13429}.Release|x86.ActiveCfg = Release|Win32
		{072071AB-A5CE-46AF-ABE1-06B121E13429}.Release|x86.Build.0 = Release|Win32
		{ACE4C4BF-3C62-46EE-85FB-8B9A59D1570D}.Debug|x64.ActiveCfg = Debug|x64
		{ACE4C4BF-3C62-46EE-85FB-8B9A59D1570D}.Debug|x64.Build.0 = Debug|x64
		{ACE4C4BF-3C62-46EE-85FB-8B9A59D1570D}.Debug|x86.ActiveCfg = Debug|Win32
		{ACE4C4BF-3C62-46EE-85FB-8B9A59D1570D}.Debug|x86.Build.0 = Debug|Win32
		{ACE4C4BF-3C62-46EE-85FB-8B9A59D1570D}.Release|x64.ActiveCfg = Release|x64
		{ACE4C4BF-3C62-46EE-85FB-8B9A59D1570D}.Release|x64.Build.0 = Release|x64
		{ACE4C4BF-3C62-46EE-85FB-8B9A59D1570D}.Release|x86.ActiveCfg = Release|Win32
		{ACE4C4BF-3C62-46EE-85FB-8B9A59D1570D}.Release|x86.Build.0 = Release|Win32
		{A625BD9B-D210-456D-992A-92C2A6D6A5D1}.Debug|x64.ActiveCfg = Debug|x64
		{A625BD9B-D210-456D-992A-92C2A6D6A5D1}.Debug|x64.Build.0 = Debug|x64
		{A625BD9B-D210-456D-992A-92C2A6D6A5D1}.Debug|x86.ActiveCfg = Debug|Win32
		{A625BD9B-D210-456D-992A-92C2A6D6A5D1}.Debug|x86.Build.0 = Debug|Win32
		{A625BD9B-D210-456D-992A-92C2A6D6A5D1}.Release|x64.ActiveCfg = Release|x64
		{A625BD9B-D210-456D-992A-92C2A6D6A5D1}.Release|x64.Build.0 = Release|x64
		{A625BD9B-D210-456D-992A-92C2A6D6A5D1}.Release|x86.ActiveCfg = Release|Win32
		{A625BD9B-D210-456D-992A-92C2A6D6A5D1}.Release|x86.Build.0 = Release|Win32
		{1CECFDBF-8DFC-446E-8551-CBEB0894F8EA}.Debug|x64.ActiveCfg = Debug|x64
		{1CECFDBF-8DFC-446E-8551-CBEB0894F8EA}.Debug|x64.Build.0 = Debug|x64
		{1CECFDBF-8DFC-446E-8551-CBEB0894F8EA}.Debug|x86.ActiveCfg = Debug|Win32
		{1CECFDBF-8DFC-446E-8551-CBEB0894F8EA}.Debug|x86.Build.0 = Debug|Win32
		{1CECFDBF-8DFC-446E-8551-CBEB0894F8EA}.Release|x64.ActiveCfg = Release|x64
		{1CECFDBF-8DFC-446E-8551-CBEB0894F8EA}.Release|x64.Build.0 = Release|x64
		{1CECFDBF-8DFC-446E-8551-CBEB0894F8EA}.Release|x86.ActiveCfg = Release|Win32
		{1CECFDBF-8DFC-446E-8551-CBEB0894F8EA}.Release|x86.Build.0 = Release|Win32
		{4B3A07F8-83DA-442C-9622-A5DE79830D66}.Debug|x64.ActiveCfg = Debug|x64
		{4B3A07F8-83DA-442C-9622-A5DE79830D66}.Debug|x64.Build.0 = Debug|x64
		{4B3A07F8-83DA-442C-9622-A5DE79830D66}.Debug|x86.ActiveCfg = Debug|Win32
		{4B3A07F8-83DA-442C-9622-A5DE79830D66}.Debug|x86.Build.0 = Debug|Win32
		{4B3A07F8-83DA-442C-9622-A5DE79830D66}.Release|x64.ActiveCfg = Release|x64
		{4B3A07F8-83DA-442C-9622-A5DE79830D66}.Release|x64.Build.0 = Release|x64
		{4B3A07F8-83DA-442C-9622-A5DE79830D66}.Release|x86.ActiveCfg = Release|Win32
		{4B3A07F8-83DA-442C-9622-A5DE79830D66}.Release|x86.Build.0 = Release|Win32
		{0232C6EA-D587-4D64-BC2F-F495484277E0}.Debug|x64.ActiveCfg = Debug|x64
		{0232C6EA-D587-4D64-BC2F-F495484277E0}.Debug|x64.Build.0 = Debug|x64
		{0232C6EA-D587-4D64-BC2F-F495484277E0}.Debug|x86.ActiveCfg = Debug|Win32
		{0232C6EA-D587-4D64-BC2F-F495484277E0}.Debug|x86.Build.0 = Debug|Win32
		{0232C6EA-D587-4D64-BC2F-F495484277E0}.Release|x64.ActiveCfg = Release|x64
		{0232C6EA-D587-4D64-BC2F-F495484277E0}.Release|x64.Build.0 = Release|x64
		{0232C6EA-D587-4D64-BC2F-F495484277E0}.Release|x86.ActiveCfg = Release|Win32
		{0232C6EA-D587-4D64-BC2F-F495484277E0}.Release|x86.Build.0 = Release|Win32
		{65A33940-B375-4EE9-9F85-BDC867FE2602}.Debug|x64.ActiveCfg = Debug|x64
		{65A33940-B375-4EE9-9F85-BDC867FE2602}.Debug|x64.Build.0 = Debug|x64
		{65A33940-B375-4EE9-9F85-BDC867FE2602}.Debug|x86.ActiveCfg = Debug|Win32
		{65A33940-B375-4EE9-9F85-BDC867FE2602}.Debug|x86.Build.0 = Debug|Win32
		{65A33940-B375-4EE9-9F85-BDC867FE2602}.Release|x64.ActiveCfg = Release|x64
		{65A33940-B375-4EE9-9F85-BDC867FE2602}.Release|x64.Build.0 = Release|x64
		{65A33940-B375-4EE9-9F85-BDC867FE2602}.Release|x86.ActiveCfg = Release|Win32
		{65A33940-B375-4EE9-9F85-BDC867FE2602}.Release|x86.Build.0 = Release|Win32
		{A528EF8C-BBD9-4729-A530-F7506DB1A941}.Debug|x64.ActiveCfg = Debug|x64
		{A528EF8C-BBD9-4729-A530-F7506DB1A941}.Debug|x64.Build.0 = Debug|x64
		{A528EF8C-BBD9-4729-A530-F7506DB1A941}.Debug|x86.ActiveCfg = Debug|Win32
		{A528EF8C-BBD9-4729-A530-F7506DB1A941}.Debug|x86.Build.0 = Debug|Win32
		{A528EF8C-BBD9-4729-A530-F7506DB1A941}.Release|x64.ActiveCfg = Release|x64
		{A528EF8C-BBD9-4729-A530-F7506DB1A941}.Release|x64.Build.0 = Release|x64
		{A528EF8C-BBD9-4729-A530-F7506DB1A941}.Release|x86.ActiveCfg = Release|Win32
		{A528EF8C-BBD9-4729-A530-F7506DB1A941}.Release|x86.Build.0 = Release|Win32
	EndGlobalSection
	GlobalSection(SolutionProperties) = preSolution
		HideSolutionNode = FALSE
	EndGlobalSection
	GlobalSection(ExtensibilityGlobals) = postSolution
		SolutionGuid = {CE859B1C-0BDD-4B81-B53F-C8B38AB23EFD}
	EndGlobalSection
EndGlobal
