
Microsoft Visual Studio Solution File, Format Version 12.00
# Visual Studio Version 16
VisualStudioVersion = 16.0.29215.179
MinimumVisualStudioVersion = 10.0.40219.1
Project("{8BC9CEB8-8B4A-11D0-8D11-00A0C91BC942}") = "例4.1-递归求和", "例4.1-递归求和\例4.1-递归求和.vcxproj", "{B5430629-5AC9-4B0F-A051-36D899210B58}"
EndProject
Project("{8BC9CEB8-8B4A-11D0-8D11-00A0C91BC942}") = "例4.2-二分查找", "例4.2-二分查找\例4.2-二分查找.vcxproj", "{70B21A62-CB42-4BE6-92E4-ECA15D777331}"
EndProject
Project("{8BC9CEB8-8B4A-11D0-8D11-00A0C91BC942}") = "例4.3-汉诺塔（Hanoi）问题", "例4.3-汉诺塔（Hanoi）问题\例4.3-汉诺塔（Hanoi）问题.vcxproj", "{74CA7C75-5088-4275-B5C7-2F47B2EAF8C0}"
EndProject
Project("{8BC9CEB8-8B4A-11D0-8D11-00A0C91BC942}") = "例4.4-斐波那契（Fibonacci）数列", "例4.4-斐波那契（Fibonacci）数列\例4.4-斐波那契（Fibonacci）数列.vcxproj", "{A8C40C02-5A0B-4C10-BEAD-1C972E2D2AB7}"
EndProject
Project("{8BC9CEB8-8B4A-11D0-8D11-00A0C91BC942}") = "例4.5-集合划分", "例4.5-集合划分\例4.5-集合划分.vcxproj", "{DE1870A6-6A02-4D85-AA86-2D9F6C7C9B52}"
EndProject
Project("{8BC9CEB8-8B4A-11D0-8D11-00A0C91BC942}") = "例4.6-数的计数", "例4.6-数的计数\例4.6-数的计数.vcxproj", "{00861DA9-981F-4E6B-91C1-47CC7110607C}"
EndProject
Global
	GlobalSection(SolutionConfigurationPlatforms) = preSolution
		Debug|x64 = Debug|x64
		Debug|x86 = Debug|x86
		Release|x64 = Release|x64
		Release|x86 = Release|x86
	EndGlobalSection
	GlobalSection(ProjectConfigurationPlatforms) = postSolution
		{B5430629-5AC9-4B0F-A051-36D899210B58}.Debug|x64.ActiveCfg = Debug|x64
		{B5430629-5AC9-4B0F-A051-36D899210B58}.Debug|x64.Build.0 = Debug|x64
		{B5430629-5AC9-4B0F-A051-36D899210B58}.Debug|x86.ActiveCfg = Debug|Win32
		{B5430629-5AC9-4B0F-A051-36D899210B58}.Debug|x86.Build.0 = Debug|Win32
		{B5430629-5AC9-4B0F-A051-36D899210B58}.Release|x64.ActiveCfg = Release|x64
		{B5430629-5AC9-4B0F-A051-36D899210B58}.Release|x64.Build.0 = Release|x64
		{B5430629-5AC9-4B0F-A051-36D899210B58}.Release|x86.ActiveCfg = Release|Win32
		{B5430629-5AC9-4B0F-A051-36D899210B58}.Release|x86.Build.0 = Release|Win32
		{70B21A62-CB42-4BE6-92E4-ECA15D777331}.Debug|x64.ActiveCfg = Debug|x64
		{70B21A62-CB42-4BE6-92E4-ECA15D777331}.Debug|x64.Build.0 = Debug|x64
		{70B21A62-CB42-4BE6-92E4-ECA15D777331}.Debug|x86.ActiveCfg = Debug|Win32
		{70B21A62-CB42-4BE6-92E4-ECA15D777331}.Debug|x86.Build.0 = Debug|Win32
		{70B21A62-CB42-4BE6-92E4-ECA15D777331}.Release|x64.ActiveCfg = Release|x64
		{70B21A62-CB42-4BE6-92E4-ECA15D777331}.Release|x64.Build.0 = Release|x64
		{70B21A62-CB42-4BE6-92E4-ECA15D777331}.Release|x86.ActiveCfg = Release|Win32
		{70B21A62-CB42-4BE6-92E4-ECA15D777331}.Release|x86.Build.0 = Release|Win32
		{74CA7C75-5088-4275-B5C7-2F47B2EAF8C0}.Debug|x64.ActiveCfg = Debug|x64
		{74CA7C75-5088-4275-B5C7-2F47B2EAF8C0}.Debug|x64.Build.0 = Debug|x64
		{74CA7C75-5088-4275-B5C7-2F47B2EAF8C0}.Debug|x86.ActiveCfg = Debug|Win32
		{74CA7C75-5088-4275-B5C7-2F47B2EAF8C0}.Debug|x86.Build.0 = Debug|Win32
		{74CA7C75-5088-4275-B5C7-2F47B2EAF8C0}.Release|x64.ActiveCfg = Release|x64
		{74CA7C75-5088-4275-B5C7-2F47B2EAF8C0}.Release|x64.Build.0 = Release|x64
		{74CA7C75-5088-4275-B5C7-2F47B2EAF8C0}.Release|x86.ActiveCfg = Release|Win32
		{74CA7C75-5088-4275-B5C7-2F47B2EAF8C0}.Release|x86.Build.0 = Release|Win32
		{A8C40C02-5A0B-4C10-BEAD-1C972E2D2AB7}.Debug|x64.ActiveCfg = Debug|x64
		{A8C40C02-5A0B-4C10-BEAD-1C972E2D2AB7}.Debug|x64.Build.0 = Debug|x64
		{A8C40C02-5A0B-4C10-BEAD-1C972E2D2AB7}.Debug|x86.ActiveCfg = Debug|Win32
		{A8C40C02-5A0B-4C10-BEAD-1C972E2D2AB7}.Debug|x86.Build.0 = Debug|Win32
		{A8C40C02-5A0B-4C10-BEAD-1C972E2D2AB7}.Release|x64.ActiveCfg = Release|x64
		{A8C40C02-5A0B-4C10-BEAD-1C972E2D2AB7}.Release|x64.Build.0 = Release|x64
		{A8C40C02-5A0B-4C10-BEAD-1C972E2D2AB7}.Release|x86.ActiveCfg = Release|Win32
		{A8C40C02-5A0B-4C10-BEAD-1C972E2D2AB7}.Release|x86.Build.0 = Release|Win32
		{DE1870A6-6A02-4D85-AA86-2D9F6C7C9B52}.Debug|x64.ActiveCfg = Debug|x64
		{DE1870A6-6A02-4D85-AA86-2D9F6C7C9B52}.Debug|x64.Build.0 = Debug|x64
		{DE1870A6-6A02-4D85-AA86-2D9F6C7C9B52}.Debug|x86.ActiveCfg = Debug|Win32
		{DE1870A6-6A02-4D85-AA86-2D9F6C7C9B52}.Debug|x86.Build.0 = Debug|Win32
		{DE1870A6-6A02-4D85-AA86-2D9F6C7C9B52}.Release|x64.ActiveCfg = Release|x64
		{DE1870A6-6A02-4D85-AA86-2D9F6C7C9B52}.Release|x64.Build.0 = Release|x64
		{DE1870A6-6A02-4D85-AA86-2D9F6C7C9B52}.Release|x86.ActiveCfg = Release|Win32
		{DE1870A6-6A02-4D85-AA86-2D9F6C7C9B52}.Release|x86.Build.0 = Release|Win32
		{00861DA9-981F-4E6B-91C1-47CC7110607C}.Debug|x64.ActiveCfg = Debug|x64
		{00861DA9-981F-4E6B-91C1-47CC7110607C}.Debug|x64.Build.0 = Debug|x64
		{00861DA9-981F-4E6B-91C1-47CC7110607C}.Debug|x86.ActiveCfg = Debug|Win32
		{00861DA9-981F-4E6B-91C1-47CC7110607C}.Debug|x86.Build.0 = Debug|Win32
		{00861DA9-981F-4E6B-91C1-47CC7110607C}.Release|x64.ActiveCfg = Release|x64
		{00861DA9-981F-4E6B-91C1-47CC7110607C}.Release|x64.Build.0 = Release|x64
		{00861DA9-981F-4E6B-91C1-47CC7110607C}.Release|x86.ActiveCfg = Release|Win32
		{00861DA9-981F-4E6B-91C1-47CC7110607C}.Release|x86.Build.0 = Release|Win32
	EndGlobalSection
	GlobalSection(SolutionProperties) = preSolution
		HideSolutionNode = FALSE
	EndGlobalSection
	GlobalSection(ExtensibilityGlobals) = postSolution
		SolutionGuid = {CE859B1C-0BDD-4B81-B53F-C8B38AB23EFD}
	EndGlobalSection
EndGlobal
