
Microsoft Visual Studio Solution File, Format Version 12.00
# Visual Studio Version 16
VisualStudioVersion = 16.0.29519.87
MinimumVisualStudioVersion = 10.0.40219.1
Project("{8BC9CEB8-8B4A-11D0-8D11-00A0C91BC942}") = "例6.1-排队打水问题", "例6.1-排队打水问题\例6.1-排队打水问题.vcxproj", "{F2523173-FDCC-4567-82C6-DF07E098D87B}"
EndProject
Project("{8BC9CEB8-8B4A-11D0-8D11-00A0C91BC942}") = "例6.2-均分纸牌（NOIP2002）", "例6.2-均分纸牌（NOIP2002）\例6.2-均分纸牌（NOIP2002）.vcxproj", "{D86AFE04-C1B8-4FBE-8D2D-C86426B70455}"
EndProject
Project("{8BC9CEB8-8B4A-11D0-8D11-00A0C91BC942}") = "例6.3-删数问题（NOIP1994）", "例6.3-删数问题（NOIP1994）\例6.3-删数问题（NOIP1994）.vcxproj", "{75F7D4DE-64E6-4706-972A-7A210264DB5C}"
EndProject
Project("{8BC9CEB8-8B4A-11D0-8D11-00A0C91BC942}") = "例6.4-拦截导弹问题（NOIP1999)", "例6.4-拦截导弹问题（NOIP1999)\例6.4-拦截导弹问题（NOIP1999).vcxproj", "{64CB329D-0044-4819-A292-F7748F444EF0}"
EndProject
Project("{8BC9CEB8-8B4A-11D0-8D11-00A0C91BC942}") = "例6.5-活动选择", "例6.5-活动选择\例6.5-活动选择.vcxproj", "{9DEC0D06-8493-4C44-803A-67929E1D7829}"
EndProject
Project("{8BC9CEB8-8B4A-11D0-8D11-00A0C91BC942}") = "例6.6-整数区间", "例6.6-整数区间\例6.6-整数区间.vcxproj", "{197AC52B-EA6B-4406-A586-A65DE620FD5E}"
EndProject
Project("{8BC9CEB8-8B4A-11D0-8D11-00A0C91BC942}") = "练习1-An Easy Problem", "练习1-An Easy Problem\练习1-An Easy Problem.vcxproj", "{D4CD553E-C28B-4AF6-A20D-3F339F5DD8C6}"
EndProject
Project("{8BC9CEB8-8B4A-11D0-8D11-00A0C91BC942}") = "练习2-最大子矩阵", "练习2-最大子矩阵\练习2-最大子矩阵.vcxproj", "{54A1B5A3-EF87-4198-AD45-2FEA7AC5FA5B}"
EndProject
Global
	GlobalSection(SolutionConfigurationPlatforms) = preSolution
		Debug|x64 = Debug|x64
		Debug|x86 = Debug|x86
		Release|x64 = Release|x64
		Release|x86 = Release|x86
	EndGlobalSection
	GlobalSection(ProjectConfigurationPlatforms) = postSolution
		{F2523173-FDCC-4567-82C6-DF07E098D87B}.Debug|x64.ActiveCfg = Debug|x64
		{F2523173-FDCC-4567-82C6-DF07E098D87B}.Debug|x64.Build.0 = Debug|x64
		{F2523173-FDCC-4567-82C6-DF07E098D87B}.Debug|x86.ActiveCfg = Debug|Win32
		{F2523173-FDCC-4567-82C6-DF07E098D87B}.Debug|x86.Build.0 = Debug|Win32
		{F2523173-FDCC-4567-82C6-DF07E098D87B}.Release|x64.ActiveCfg = Release|x64
		{F2523173-FDCC-4567-82C6-DF07E098D87B}.Release|x64.Build.0 = Release|x64
		{F2523173-FDCC-4567-82C6-DF07E098D87B}.Release|x86.ActiveCfg = Release|Win32
		{F2523173-FDCC-4567-82C6-DF07E098D87B}.Release|x86.Build.0 = Release|Win32
		{D86AFE04-C1B8-4FBE-8D2D-C86426B70455}.Debug|x64.ActiveCfg = Debug|x64
		{D86AFE04-C1B8-4FBE-8D2D-C86426B70455}.Debug|x64.Build.0 = Debug|x64
		{D86AFE04-C1B8-4FBE-8D2D-C86426B70455}.Debug|x86.ActiveCfg = Debug|Win32
		{D86AFE04-C1B8-4FBE-8D2D-C86426B70455}.Debug|x86.Build.0 = Debug|Win32
		{D86AFE04-C1B8-4FBE-8D2D-C86426B70455}.Release|x64.ActiveCfg = Release|x64
		{D86AFE04-C1B8-4FBE-8D2D-C86426B70455}.Release|x64.Build.0 = Release|x64
		{D86AFE04-C1B8-4FBE-8D2D-C86426B70455}.Release|x86.ActiveCfg = Release|Win32
		{D86AFE04-C1B8-4FBE-8D2D-C86426B70455}.Release|x86.Build.0 = Release|Win32
		{75F7D4DE-64E6-4706-972A-7A210264DB5C}.Debug|x64.ActiveCfg = Debug|x64
		{75F7D4DE-64E6-4706-972A-7A210264DB5C}.Debug|x64.Build.0 = Debug|x64
		{75F7D4DE-64E6-4706-972A-7A210264DB5C}.Debug|x86.ActiveCfg = Debug|Win32
		{75F7D4DE-64E6-4706-972A-7A210264DB5C}.Debug|x86.Build.0 = Debug|Win32
		{75F7D4DE-64E6-4706-972A-7A210264DB5C}.Release|x64.ActiveCfg = Release|x64
		{75F7D4DE-64E6-4706-972A-7A210264DB5C}.Release|x64.Build.0 = Release|x64
		{75F7D4DE-64E6-4706-972A-7A210264DB5C}.Release|x86.ActiveCfg = Release|Win32
		{75F7D4DE-64E6-4706-972A-7A210264DB5C}.Release|x86.Build.0 = Release|Win32
		{64CB329D-0044-4819-A292-F7748F444EF0}.Debug|x64.ActiveCfg = Debug|x64
		{64CB329D-0044-4819-A292-F7748F444EF0}.Debug|x64.Build.0 = Debug|x64
		{64CB329D-0044-4819-A292-F7748F444EF0}.Debug|x86.ActiveCfg = Debug|Win32
		{64CB329D-0044-4819-A292-F7748F444EF0}.Debug|x86.Build.0 = Debug|Win32
		{64CB329D-0044-4819-A292-F7748F444EF0}.Release|x64.ActiveCfg = Release|x64
		{64CB329D-0044-4819-A292-F7748F444EF0}.Release|x64.Build.0 = Release|x64
		{64CB329D-0044-4819-A292-F7748F444EF0}.Release|x86.ActiveCfg = Release|Win32
		{64CB329D-0044-4819-A292-F7748F444EF0}.Release|x86.Build.0 = Release|Win32
		{9DEC0D06-8493-4C44-803A-67929E1D7829}.Debug|x64.ActiveCfg = Debug|x64
		{9DEC0D06-8493-4C44-803A-67929E1D7829}.Debug|x64.Build.0 = Debug|x64
		{9DEC0D06-8493-4C44-803A-67929E1D7829}.Debug|x86.ActiveCfg = Debug|Win32
		{9DEC0D06-8493-4C44-803A-67929E1D7829}.Debug|x86.Build.0 = Debug|Win32
		{9DEC0D06-8493-4C44-803A-67929E1D7829}.Release|x64.ActiveCfg = Release|x64
		{9DEC0D06-8493-4C44-803A-67929E1D7829}.Release|x64.Build.0 = Release|x64
		{9DEC0D06-8493-4C44-803A-67929E1D7829}.Release|x86.ActiveCfg = Release|Win32
		{9DEC0D06-8493-4C44-803A-67929E1D7829}.Release|x86.Build.0 = Release|Win32
		{197AC52B-EA6B-4406-A586-A65DE620FD5E}.Debug|x64.ActiveCfg = Debug|x64
		{197AC52B-EA6B-4406-A586-A65DE620FD5E}.Debug|x64.Build.0 = Debug|x64
		{197AC52B-EA6B-4406-A586-A65DE620FD5E}.Debug|x86.ActiveCfg = Debug|Win32
		{197AC52B-EA6B-4406-A586-A65DE620FD5E}.Debug|x86.Build.0 = Debug|Win32
		{197AC52B-EA6B-4406-A586-A65DE620FD5E}.Release|x64.ActiveCfg = Release|x64
		{197AC52B-EA6B-4406-A586-A65DE620FD5E}.Release|x64.Build.0 = Release|x64
		{197AC52B-EA6B-4406-A586-A65DE620FD5E}.Release|x86.ActiveCfg = Release|Win32
		{197AC52B-EA6B-4406-A586-A65DE620FD5E}.Release|x86.Build.0 = Release|Win32
		{D4CD553E-C28B-4AF6-A20D-3F339F5DD8C6}.Debug|x64.ActiveCfg = Debug|x64
		{D4CD553E-C28B-4AF6-A20D-3F339F5DD8C6}.Debug|x64.Build.0 = Debug|x64
		{D4CD553E-C28B-4AF6-A20D-3F339F5DD8C6}.Debug|x86.ActiveCfg = Debug|Win32
		{D4CD553E-C28B-4AF6-A20D-3F339F5DD8C6}.Debug|x86.Build.0 = Debug|Win32
		{D4CD553E-C28B-4AF6-A20D-3F339F5DD8C6}.Release|x64.ActiveCfg = Release|x64
		{D4CD553E-C28B-4AF6-A20D-3F339F5DD8C6}.Release|x64.Build.0 = Release|x64
		{D4CD553E-C28B-4AF6-A20D-3F339F5DD8C6}.Release|x86.ActiveCfg = Release|Win32
		{D4CD553E-C28B-4AF6-A20D-3F339F5DD8C6}.Release|x86.Build.0 = Release|Win32
		{54A1B5A3-EF87-4198-AD45-2FEA7AC5FA5B}.Debug|x64.ActiveCfg = Debug|x64
		{54A1B5A3-EF87-4198-AD45-2FEA7AC5FA5B}.Debug|x64.Build.0 = Debug|x64
		{54A1B5A3-EF87-4198-AD45-2FEA7AC5FA5B}.Debug|x86.ActiveCfg = Debug|Win32
		{54A1B5A3-EF87-4198-AD45-2FEA7AC5FA5B}.Debug|x86.Build.0 = Debug|Win32
		{54A1B5A3-EF87-4198-AD45-2FEA7AC5FA5B}.Release|x64.ActiveCfg = Release|x64
		{54A1B5A3-EF87-4198-AD45-2FEA7AC5FA5B}.Release|x64.Build.0 = Release|x64
		{54A1B5A3-EF87-4198-AD45-2FEA7AC5FA5B}.Release|x86.ActiveCfg = Release|Win32
		{54A1B5A3-EF87-4198-AD45-2FEA7AC5FA5B}.Release|x86.Build.0 = Release|Win32
	EndGlobalSection
	GlobalSection(SolutionProperties) = preSolution
		HideSolutionNode = FALSE
	EndGlobalSection
	GlobalSection(ExtensibilityGlobals) = postSolution
		SolutionGuid = {96C4EB20-8324-41EC-A0C5-2B20BDA1F71E}
	EndGlobalSection
EndGlobal
