
Microsoft Visual Studio Solution File, Format Version 12.00
# Visual Studio Version 16
VisualStudioVersion = 16.0.29519.87
MinimumVisualStudioVersion = 10.0.40219.1
Project("{8BC9CEB8-8B4A-11D0-8D11-00A0C91BC942}") = "例7.1-找数", "例7.1-找数\例7.1-找数.vcxproj", "{59CA12CC-A970-48B7-889C-28AC3E529B4D}"
EndProject
Project("{8BC9CEB8-8B4A-11D0-8D11-00A0C91BC942}") = "例7.2-快速排序（QuickSort）", "例7.2-快速排序（QuickSort）\例7.2-快速排序（QuickSort）.vcxproj", "{65B820FC-DB34-4A89-A2A7-E865021E3099}"
EndProject
Project("{8BC9CEB8-8B4A-11D0-8D11-00A0C91BC942}") = "例7.4-循环比赛日程表", "例7.4-循环比赛日程表\例7.4-循环比赛日程表.vcxproj", "{6B6C4FAB-C512-4526-92E7-B119AD4E80C9}"
EndProject
Project("{8BC9CEB8-8B4A-11D0-8D11-00A0C91BC942}") = "例7.5-取余运算", "例7.5-取余运算\例7.5-取余运算.vcxproj", "{C556BB12-BB5E-432B-BC3F-AC17FE720176}"
EndProject
Project("{8BC9CEB8-8B4A-11D0-8D11-00A0C91BC942}") = "例7.6-黑白棋子的移动", "例7.6-黑白棋子的移动\例7.6-黑白棋子的移动.vcxproj", "{501287FB-BC58-4C5C-AEA1-F0F84D47078C}"
EndProject
Project("{8BC9CEB8-8B4A-11D0-8D11-00A0C91BC942}") = "例7.7-光荣的梦想", "例7.7-光荣的梦想\例7.7-光荣的梦想.vcxproj", "{626942D0-E07F-43D6-A415-133B64ADA37E}"
EndProject
Project("{8BC9CEB8-8B4A-11D0-8D11-00A0C91BC942}") = "练习1-2011", "练习1-2011\练习1-2011.vcxproj", "{EEB307A1-D1BD-4833-BEB7-EDDD3FB5E8FB}"
EndProject
Project("{8BC9CEB8-8B4A-11D0-8D11-00A0C91BC942}") = "练习2-输出前k大的元素", "练习2-输出前k大的元素\练习2-输出前k大的元素.vcxproj", "{17DFF2DA-EEA9-4CD2-8596-F87F6A0D712F}"
EndProject
Project("{8BC9CEB8-8B4A-11D0-8D11-00A0C91BC942}") = "练习3-区间合并", "练习3-区间合并\练习3-区间合并.vcxproj", "{8548FFE1-F163-4C58-8B88-06B2C2BE474C}"
EndProject
Global
	GlobalSection(SolutionConfigurationPlatforms) = preSolution
		Debug|x64 = Debug|x64
		Debug|x86 = Debug|x86
		Release|x64 = Release|x64
		Release|x86 = Release|x86
	EndGlobalSection
	GlobalSection(ProjectConfigurationPlatforms) = postSolution
		{59CA12CC-A970-48B7-889C-28AC3E529B4D}.Debug|x64.ActiveCfg = Debug|x64
		{59CA12CC-A970-48B7-889C-28AC3E529B4D}.Debug|x64.Build.0 = Debug|x64
		{59CA12CC-A970-48B7-889C-28AC3E529B4D}.Debug|x86.ActiveCfg = Debug|Win32
		{59CA12CC-A970-48B7-889C-28AC3E529B4D}.Debug|x86.Build.0 = Debug|Win32
		{59CA12CC-A970-48B7-889C-28AC3E529B4D}.Release|x64.ActiveCfg = Release|x64
		{59CA12CC-A970-48B7-889C-28AC3E529B4D}.Release|x64.Build.0 = Release|x64
		{59CA12CC-A970-48B7-889C-28AC3E529B4D}.Release|x86.ActiveCfg = Release|Win32
		{59CA12CC-A970-48B7-889C-28AC3E529B4D}.Release|x86.Build.0 = Release|Win32
		{65B820FC-DB34-4A89-A2A7-E865021E3099}.Debug|x64.ActiveCfg = Debug|x64
		{65B820FC-DB34-4A89-A2A7-E865021E3099}.Debug|x64.Build.0 = Debug|x64
		{65B820FC-DB34-4A89-A2A7-E865021E3099}.Debug|x86.ActiveCfg = Debug|Win32
		{65B820FC-DB34-4A89-A2A7-E865021E3099}.Debug|x86.Build.0 = Debug|Win32
		{65B820FC-DB34-4A89-A2A7-E865021E3099}.Release|x64.ActiveCfg = Release|x64
		{65B820FC-DB34-4A89-A2A7-E865021E3099}.Release|x64.Build.0 = Release|x64
		{65B820FC-DB34-4A89-A2A7-E865021E3099}.Release|x86.ActiveCfg = Release|Win32
		{65B820FC-DB34-4A89-A2A7-E865021E3099}.Release|x86.Build.0 = Release|Win32
		{6B6C4FAB-C512-4526-92E7-B119AD4E80C9}.Debug|x64.ActiveCfg = Debug|x64
		{6B6C4FAB-C512-4526-92E7-B119AD4E80C9}.Debug|x64.Build.0 = Debug|x64
		{6B6C4FAB-C512-4526-92E7-B119AD4E80C9}.Debug|x86.ActiveCfg = Debug|Win32
		{6B6C4FAB-C512-4526-92E7-B119AD4E80C9}.Debug|x86.Build.0 = Debug|Win32
		{6B6C4FAB-C512-4526-92E7-B119AD4E80C9}.Release|x64.ActiveCfg = Release|x64
		{6B6C4FAB-C512-4526-92E7-B119AD4E80C9}.Release|x64.Build.0 = Release|x64
		{6B6C4FAB-C512-4526-92E7-B119AD4E80C9}.Release|x86.ActiveCfg = Release|Win32
		{6B6C4FAB-C512-4526-92E7-B119AD4E80C9}.Release|x86.Build.0 = Release|Win32
		{C556BB12-BB5E-432B-BC3F-AC17FE720176}.Debug|x64.ActiveCfg = Debug|x64
		{C556BB12-BB5E-432B-BC3F-AC17FE720176}.Debug|x64.Build.0 = Debug|x64
		{C556BB12-BB5E-432B-BC3F-AC17FE720176}.Debug|x86.ActiveCfg = Debug|Win32
		{C556BB12-BB5E-432B-BC3F-AC17FE720176}.Debug|x86.Build.0 = Debug|Win32
		{C556BB12-BB5E-432B-BC3F-AC17FE720176}.Release|x64.ActiveCfg = Release|x64
		{C556BB12-BB5E-432B-BC3F-AC17FE720176}.Release|x64.Build.0 = Release|x64
		{C556BB12-BB5E-432B-BC3F-AC17FE720176}.Release|x86.ActiveCfg = Release|Win32
		{C556BB12-BB5E-432B-BC3F-AC17FE720176}.Release|x86.Build.0 = Release|Win32
		{501287FB-BC58-4C5C-AEA1-F0F84D47078C}.Debug|x64.ActiveCfg = Debug|x64
		{501287FB-BC58-4C5C-AEA1-F0F84D47078C}.Debug|x64.Build.0 = Debug|x64
		{501287FB-BC58-4C5C-AEA1-F0F84D47078C}.Debug|x86.ActiveCfg = Debug|Win32
		{501287FB-BC58-4C5C-AEA1-F0F84D47078C}.Debug|x86.Build.0 = Debug|Win32
		{501287FB-BC58-4C5C-AEA1-F0F84D47078C}.Release|x64.ActiveCfg = Release|x64
		{501287FB-BC58-4C5C-AEA1-F0F84D47078C}.Release|x64.Build.0 = Release|x64
		{501287FB-BC58-4C5C-AEA1-F0F84D47078C}.Release|x86.ActiveCfg = Release|Win32
		{501287FB-BC58-4C5C-AEA1-F0F84D47078C}.Release|x86.Build.0 = Release|Win32
		{626942D0-E07F-43D6-A415-133B64ADA37E}.Debug|x64.ActiveCfg = Debug|x64
		{626942D0-E07F-43D6-A415-133B64ADA37E}.Debug|x64.Build.0 = Debug|x64
		{626942D0-E07F-43D6-A415-133B64ADA37E}.Debug|x86.ActiveCfg = Debug|Win32
		{626942D0-E07F-43D6-A415-133B64ADA37E}.Debug|x86.Build.0 = Debug|Win32
		{626942D0-E07F-43D6-A415-133B64ADA37E}.Release|x64.ActiveCfg = Release|x64
		{626942D0-E07F-43D6-A415-133B64ADA37E}.Release|x64.Build.0 = Release|x64
		{626942D0-E07F-43D6-A415-133B64ADA37E}.Release|x86.ActiveCfg = Release|Win32
		{626942D0-E07F-43D6-A415-133B64ADA37E}.Release|x86.Build.0 = Release|Win32
		{EEB307A1-D1BD-4833-BEB7-EDDD3FB5E8FB}.Debug|x64.ActiveCfg = Debug|x64
		{EEB307A1-D1BD-4833-BEB7-EDDD3FB5E8FB}.Debug|x64.Build.0 = Debug|x64
		{EEB307A1-D1BD-4833-BEB7-EDDD3FB5E8FB}.Debug|x86.ActiveCfg = Debug|Win32
		{EEB307A1-D1BD-4833-BEB7-EDDD3FB5E8FB}.Debug|x86.Build.0 = Debug|Win32
		{EEB307A1-D1BD-4833-BEB7-EDDD3FB5E8FB}.Release|x64.ActiveCfg = Release|x64
		{EEB307A1-D1BD-4833-BEB7-EDDD3FB5E8FB}.Release|x64.Build.0 = Release|x64
		{EEB307A1-D1BD-4833-BEB7-EDDD3FB5E8FB}.Release|x86.ActiveCfg = Release|Win32
		{EEB307A1-D1BD-4833-BEB7-EDDD3FB5E8FB}.Release|x86.Build.0 = Release|Win32
		{17DFF2DA-EEA9-4CD2-8596-F87F6A0D712F}.Debug|x64.ActiveCfg = Debug|x64
		{17DFF2DA-EEA9-4CD2-8596-F87F6A0D712F}.Debug|x64.Build.0 = Debug|x64
		{17DFF2DA-EEA9-4CD2-8596-F87F6A0D712F}.Debug|x86.ActiveCfg = Debug|Win32
		{17DFF2DA-EEA9-4CD2-8596-F87F6A0D712F}.Debug|x86.Build.0 = Debug|Win32
		{17DFF2DA-EEA9-4CD2-8596-F87F6A0D712F}.Release|x64.ActiveCfg = Release|x64
		{17DFF2DA-EEA9-4CD2-8596-F87F6A0D712F}.Release|x64.Build.0 = Release|x64
		{17DFF2DA-EEA9-4CD2-8596-F87F6A0D712F}.Release|x86.ActiveCfg = Release|Win32
		{17DFF2DA-EEA9-4CD2-8596-F87F6A0D712F}.Release|x86.Build.0 = Release|Win32
		{8548FFE1-F163-4C58-8B88-06B2C2BE474C}.Debug|x64.ActiveCfg = Debug|x64
		{8548FFE1-F163-4C58-8B88-06B2C2BE474C}.Debug|x64.Build.0 = Debug|x64
		{8548FFE1-F163-4C58-8B88-06B2C2BE474C}.Debug|x86.ActiveCfg = Debug|Win32
		{8548FFE1-F163-4C58-8B88-06B2C2BE474C}.Debug|x86.Build.0 = Debug|Win32
		{8548FFE1-F163-4C58-8B88-06B2C2BE474C}.Release|x64.ActiveCfg = Release|x64
		{8548FFE1-F163-4C58-8B88-06B2C2BE474C}.Release|x64.Build.0 = Release|x64
		{8548FFE1-F163-4C58-8B88-06B2C2BE474C}.Release|x86.ActiveCfg = Release|Win32
		{8548FFE1-F163-4C58-8B88-06B2C2BE474C}.Release|x86.Build.0 = Release|Win32
	EndGlobalSection
	GlobalSection(SolutionProperties) = preSolution
		HideSolutionNode = FALSE
	EndGlobalSection
	GlobalSection(ExtensibilityGlobals) = postSolution
		SolutionGuid = {29181A6A-D4EB-4B04-BC89-3009EAF31965}
	EndGlobalSection
EndGlobal
