
Microsoft Visual Studio Solution File, Format Version 12.00
# Visual Studio Version 16
VisualStudioVersion = 16.0.29519.87
MinimumVisualStudioVersion = 10.0.40219.1
Project("{8BC9CEB8-8B4A-11D0-8D11-00A0C91BC942}") = "例7.1-找数", "例7.1-找数\例7.1-找数.vcxproj", "{59CA12CC-A970-48B7-889C-28AC3E529B4D}"
EndProject
Project("{8BC9CEB8-8B4A-11D0-8D11-00A0C91BC942}") = "例7.2-快速排序（QuickSort）", "例7.2-快速排序（QuickSort）\例7.2-快速排序（QuickSort）.vcxproj", "{65B820FC-DB34-4A89-A2A7-E865021E3099}"
EndProject
Project("{8BC9CEB8-8B4A-11D0-8D11-00A0C91BC942}") = "例7.4-循环比赛日程表", "例7.4-循环比赛日程表\例7.4-循环比赛日程表.vcxproj", "{6B6C4FAB-C512-4526-92E7-B119AD4E80C9}"
EndProject
Project("{8BC9CEB8-8B4A-11D0-8D11-00A0C91BC942}") = "例7.5-取余运算", "例7.5-取余运算\例7.5-取余运算.vcxproj", "{C556BB12-BB5E-432B-BC3F-AC17FE720176}"
EndProject
Project("{8BC9CEB8-8B4A-11D0-8D11-00A0C91BC942}") = "例7.6-黑白棋子的移动", "例7.6-黑白棋子的移动\例7.6-黑白棋子的移动.vcxproj", "{501287FB-BC58-4C5C-AEA1-F0F84D47078C}"
EndProject
Project("{8BC9CEB8-8B4A-11D0-8D11-00A0C91BC942}") = "例7.7-光荣的梦想", "例7.7-光荣的梦想\例7.7-光荣的梦想.vcxproj", "{626942D0-E07F-43D6-A415-133B64ADA37E}"
EndProject
Project("{8BC9CEB8-8B4A-11D0-8D11-00A0C91BC942}") = "练习1-2011", "练习1-2011\练习1-2011.vcxproj", "{EEB307A1-D1BD-4833-BEB7-EDDD3FB5E8FB}"
EndProject
Project("{8BC9CEB8-8B4A-11D0-8D11-00A0C91BC942}") = "练习2-输出前k大的元素", "练习2-输出前k大的元素\练习2-输出前k大的元素.vcxproj", "{17DFF2DA-EEA9-4CD2-8596-F87F6A0D712F}"
EndProject
Project("{8BC9CEB8-8B4A-11D0-8D11-00A0C91BC942}") = "练习3-区间合并", "练习3-区间合并\练习3-区间合并.vcxproj", "{8548FFE1-F163-4C58-8B88-06B2C2BE474C}"
EndProject
Project("{8BC9CEB8-8B4A-11D0-8D11-00A0C91BC942}") = "练习4-求排列的逆序数", "练习4-求排列的逆序数\练习4-求排列的逆序数.vcxproj", "{95C4E72A-9EDE-4B4C-B65B-01FFD75805E0}"
EndProject
Project("{8BC9CEB8-8B4A-11D0-8D11-00A0C91BC942}") = "练习5-一元三次方程求解", "练习5-一元三次方程求解\练习5-一元三次方程求解.vcxproj", "{490A392F-1909-4F88-94AA-5488E9BA0449}"
EndProject
Project("{8BC9CEB8-8B4A-11D0-8D11-00A0C91BC942}") = "练习6-统计数字（NOIP2007提高组第1题）", "练习6-统计数字（NOIP2007提高组第1题）\练习6-统计数字（NOIP2007提高组第1题）.vcxproj", "{379898AE-92A2-4E54-A5A3-6BE06447D8F1}"
EndProject
Project("{8BC9CEB8-8B4A-11D0-8D11-00A0C91BC942}") = "练习7-查找最接近的数", "练习7-查找最接近的数\练习7-查找最接近的数.vcxproj", "{FFB06164-6D1E-43F6-B09D-C20EF79900EE}"
EndProject
Project("{8BC9CEB8-8B4A-11D0-8D11-00A0C91BC942}") = "练习8-二分法求函数的零点", "练习8-二分法求函数的零点\练习8-二分法求函数的零点.vcxproj", "{8449B28B-7740-4B2C-8621-62780B2799B5}"
EndProject
Project("{8BC9CEB8-8B4A-11D0-8D11-00A0C91BC942}") = "练习9-网线主管", "练习9-网线主管\练习9-网线主管.vcxproj", "{2A75E2F0-4074-46F9-A6D2-DEDB9B5D10A9}"
EndProject
Project("{8BC9CEB8-8B4A-11D0-8D11-00A0C91BC942}") = "练习10-月度开销", "练习10-月度开销\练习10-月度开销.vcxproj", "{B4B38EF4-97D5-4928-8FFB-0F4DEFA20945}"
EndProject
Project("{8BC9CEB8-8B4A-11D0-8D11-00A0C91BC942}") = "练习11-和为给定数", "练习11-和为给定数\练习11-和为给定数.vcxproj", "{18840FB2-053A-42ED-87E2-952DD7270042}"
EndProject
Project("{8BC9CEB8-8B4A-11D0-8D11-00A0C91BC942}") = "练习12-不重复的输出数", "练习12-不重复的输出数\练习12-不重复的输出数.vcxproj", "{DB65E386-63A9-4170-A4E3-61AAF17BAE10}"
EndProject
Project("{8BC9CEB8-8B4A-11D0-8D11-00A0C91BC942}") = "练习13-膨胀的木棍", "练习13-膨胀的木棍\练习13-膨胀的木棍.vcxproj", "{A01C0E10-A665-408D-9E47-2270D0204873}"
EndProject
Global
	GlobalSection(SolutionConfigurationPlatforms) = preSolution
		Debug|x64 = Debug|x64
		Debug|x86 = Debug|x86
		Release|x64 = Release|x64
		Release|x86 = Release|x86
	EndGlobalSection
	GlobalSection(ProjectConfigurationPlatforms) = postSolution
		{59CA12CC-A970-48B7-889C-28AC3E529B4D}.Debug|x64.ActiveCfg = Debug|x64
		{59CA12CC-A970-48B7-889C-28AC3E529B4D}.Debug|x64.Build.0 = Debug|x64
		{59CA12CC-A970-48B7-889C-28AC3E529B4D}.Debug|x86.ActiveCfg = Debug|Win32
		{59CA12CC-A970-48B7-889C-28AC3E529B4D}.Debug|x86.Build.0 = Debug|Win32
		{59CA12CC-A970-48B7-889C-28AC3E529B4D}.Release|x64.ActiveCfg = Release|x64
		{59CA12CC-A970-48B7-889C-28AC3E529B4D}.Release|x64.Build.0 = Release|x64
		{59CA12CC-A970-48B7-889C-28AC3E529B4D}.Release|x86.ActiveCfg = Release|Win32
		{59CA12CC-A970-48B7-889C-28AC3E529B4D}.Release|x86.Build.0 = Release|Win32
		{65B820FC-DB34-4A89-A2A7-E865021E3099}.Debug|x64.ActiveCfg = Debug|x64
		{65B820FC-DB34-4A89-A2A7-E865021E3099}.Debug|x64.Build.0 = Debug|x64
		{65B820FC-DB34-4A89-A2A7-E865021E3099}.Debug|x86.ActiveCfg = Debug|Win32
		{65B820FC-DB34-4A89-A2A7-E865021E3099}.Debug|x86.Build.0 = Debug|Win32
		{65B820FC-DB34-4A89-A2A7-E865021E3099}.Release|x64.ActiveCfg = Release|x64
		{65B820FC-DB34-4A89-A2A7-E865021E3099}.Release|x64.Build.0 = Release|x64
		{65B820FC-DB34-4A89-A2A7-E865021E3099}.Release|x86.ActiveCfg = Release|Win32
		{65B820FC-DB34-4A89-A2A7-E865021E3099}.Release|x86.Build.0 = Release|Win32
		{6B6C4FAB-C512-4526-92E7-B119AD4E80C9}.Debug|x64.ActiveCfg = Debug|x64
		{6B6C4FAB-C512-4526-92E7-B119AD4E80C9}.Debug|x64.Build.0 = Debug|x64
		{6B6C4FAB-C512-4526-92E7-B119AD4E80C9}.Debug|x86.ActiveCfg = Debug|Win32
		{6B6C4FAB-C512-4526-92E7-B119AD4E80C9}.Debug|x86.Build.0 = Debug|Win32
		{6B6C4FAB-C512-4526-92E7-B119AD4E80C9}.Release|x64.ActiveCfg = Release|x64
		{6B6C4FAB-C512-4526-92E7-B119AD4E80C9}.Release|x64.Build.0 = Release|x64
		{6B6C4FAB-C512-4526-92E7-B119AD4E80C9}.Release|x86.ActiveCfg = Release|Win32
		{6B6C4FAB-C512-4526-92E7-B119AD4E80C9}.Release|x86.Build.0 = Release|Win32
		{C556BB12-BB5E-432B-BC3F-AC17FE720176}.Debug|x64.ActiveCfg = Debug|x64
		{C556BB12-BB5E-432B-BC3F-AC17FE720176}.Debug|x64.Build.0 = Debug|x64
		{C556BB12-BB5E-432B-BC3F-AC17FE720176}.Debug|x86.ActiveCfg = Debug|Win32
		{C556BB12-BB5E-432B-BC3F-AC17FE720176}.Debug|x86.Build.0 = Debug|Win32
		{C556BB12-BB5E-432B-BC3F-AC17FE720176}.Release|x64.ActiveCfg = Release|x64
		{C556BB12-BB5E-432B-BC3F-AC17FE720176}.Release|x64.Build.0 = Release|x64
		{C556BB12-BB5E-432B-BC3F-AC17FE720176}.Release|x86.ActiveCfg = Release|Win32
		{C556BB12-BB5E-432B-BC3F-AC17FE720176}.Release|x86.Build.0 = Release|Win32
		{501287FB-BC58-4C5C-AEA1-F0F84D47078C}.Debug|x64.ActiveCfg = Debug|x64
		{501287FB-BC58-4C5C-AEA1-F0F84D47078C}.Debug|x64.Build.0 = Debug|x64
		{501287FB-BC58-4C5C-AEA1-F0F84D47078C}.Debug|x86.ActiveCfg = Debug|Win32
		{501287FB-BC58-4C5C-AEA1-F0F84D47078C}.Debug|x86.Build.0 = Debug|Win32
		{501287FB-BC58-4C5C-AEA1-F0F84D47078C}.Release|x64.ActiveCfg = Release|x64
		{501287FB-BC58-4C5C-AEA1-F0F84D47078C}.Release|x64.Build.0 = Release|x64
		{501287FB-BC58-4C5C-AEA1-F0F84D47078C}.Release|x86.ActiveCfg = Release|Win32
		{501287FB-BC58-4C5C-AEA1-F0F84D47078C}.Release|x86.Build.0 = Release|Win32
		{626942D0-E07F-43D6-A415-133B64ADA37E}.Debug|x64.ActiveCfg = Debug|x64
		{626942D0-E07F-43D6-A415-133B64ADA37E}.Debug|x64.Build.0 = Debug|x64
		{626942D0-E07F-43D6-A415-133B64ADA37E}.Debug|x86.ActiveCfg = Debug|Win32
		{626942D0-E07F-43D6-A415-133B64ADA37E}.Debug|x86.Build.0 = Debug|Win32
		{626942D0-E07F-43D6-A415-133B64ADA37E}.Release|x64.ActiveCfg = Release|x64
		{626942D0-E07F-43D6-A415-133B64ADA37E}.Release|x64.Build.0 = Release|x64
		{626942D0-E07F-43D6-A415-133B64ADA37E}.Release|x86.ActiveCfg = Release|Win32
		{626942D0-E07F-43D6-A415-133B64ADA37E}.Release|x86.Build.0 = Release|Win32
		{EEB307A1-D1BD-4833-BEB7-EDDD3FB5E8FB}.Debug|x64.ActiveCfg = Debug|x64
		{EEB307A1-D1BD-4833-BEB7-EDDD3FB5E8FB}.Debug|x64.Build.0 = Debug|x64
		{EEB307A1-D1BD-4833-BEB7-EDDD3FB5E8FB}.Debug|x86.ActiveCfg = Debug|Win32
		{EEB307A1-D1BD-4833-BEB7-EDDD3FB5E8FB}.Debug|x86.Build.0 = Debug|Win32
		{EEB307A1-D1BD-4833-BEB7-EDDD3FB5E8FB}.Release|x64.ActiveCfg = Release|x64
		{EEB307A1-D1BD-4833-BEB7-EDDD3FB5E8FB}.Release|x64.Build.0 = Release|x64
		{EEB307A1-D1BD-4833-BEB7-EDDD3FB5E8FB}.Release|x86.ActiveCfg = Release|Win32
		{EEB307A1-D1BD-4833-BEB7-EDDD3FB5E8FB}.Release|x86.Build.0 = Release|Win32
		{17DFF2DA-EEA9-4CD2-8596-F87F6A0D712F}.Debug|x64.ActiveCfg = Debug|x64
		{17DFF2DA-EEA9-4CD2-8596-F87F6A0D712F}.Debug|x64.Build.0 = Debug|x64
		{17DFF2DA-EEA9-4CD2-8596-F87F6A0D712F}.Debug|x86.ActiveCfg = Debug|Win32
		{17DFF2DA-EEA9-4CD2-8596-F87F6A0D712F}.Debug|x86.Build.0 = Debug|Win32
		{17DFF2DA-EEA9-4CD2-8596-F87F6A0D712F}.Release|x64.ActiveCfg = Release|x64
		{17DFF2DA-EEA9-4CD2-8596-F87F6A0D712F}.Release|x64.Build.0 = Release|x64
		{17DFF2DA-EEA9-4CD2-8596-F87F6A0D712F}.Release|x86.ActiveCfg = Release|Win32
		{17DFF2DA-EEA9-4CD2-8596-F87F6A0D712F}.Release|x86.Build.0 = Release|Win32
		{8548FFE1-F163-4C58-8B88-06B2C2BE474C}.Debug|x64.ActiveCfg = Debug|x64
		{8548FFE1-F163-4C58-8B88-06B2C2BE474C}.Debug|x64.Build.0 = Debug|x64
		{8548FFE1-F163-4C58-8B88-06B2C2BE474C}.Debug|x86.ActiveCfg = Debug|Win32
		{8548FFE1-F163-4C58-8B88-06B2C2BE474C}.Debug|x86.Build.0 = Debug|Win32
		{8548FFE1-F163-4C58-8B88-06B2C2BE474C}.Release|x64.ActiveCfg = Release|x64
		{8548FFE1-F163-4C58-8B88-06B2C2BE474C}.Release|x64.Build.0 = Release|x64
		{8548FFE1-F163-4C58-8B88-06B2C2BE474C}.Release|x86.ActiveCfg = Release|Win32
		{8548FFE1-F163-4C58-8B88-06B2C2BE474C}.Release|x86.Build.0 = Release|Win32
		{95C4E72A-9EDE-4B4C-B65B-01FFD75805E0}.Debug|x64.ActiveCfg = Debug|x64
		{95C4E72A-9EDE-4B4C-B65B-01FFD75805E0}.Debug|x64.Build.0 = Debug|x64
		{95C4E72A-9EDE-4B4C-B65B-01FFD75805E0}.Debug|x86.ActiveCfg = Debug|Win32
		{95C4E72A-9EDE-4B4C-B65B-01FFD75805E0}.Debug|x86.Build.0 = Debug|Win32
		{95C4E72A-9EDE-4B4C-B65B-01FFD75805E0}.Release|x64.ActiveCfg = Release|x64
		{95C4E72A-9EDE-4B4C-B65B-01FFD75805E0}.Release|x64.Build.0 = Release|x64
		{95C4E72A-9EDE-4B4C-B65B-01FFD75805E0}.Release|x86.ActiveCfg = Release|Win32
		{95C4E72A-9EDE-4B4C-B65B-01FFD75805E0}.Release|x86.Build.0 = Release|Win32
		{490A392F-1909-4F88-94AA-5488E9BA0449}.Debug|x64.ActiveCfg = Debug|x64
		{490A392F-1909-4F88-94AA-5488E9BA0449}.Debug|x64.Build.0 = Debug|x64
		{490A392F-1909-4F88-94AA-5488E9BA0449}.Debug|x86.ActiveCfg = Debug|Win32
		{490A392F-1909-4F88-94AA-5488E9BA0449}.Debug|x86.Build.0 = Debug|Win32
		{490A392F-1909-4F88-94AA-5488E9BA0449}.Release|x64.ActiveCfg = Release|x64
		{490A392F-1909-4F88-94AA-5488E9BA0449}.Release|x64.Build.0 = Release|x64
		{490A392F-1909-4F88-94AA-5488E9BA0449}.Release|x86.ActiveCfg = Release|Win32
		{490A392F-1909-4F88-94AA-5488E9BA0449}.Release|x86.Build.0 = Release|Win32
		{379898AE-92A2-4E54-A5A3-6BE06447D8F1}.Debug|x64.ActiveCfg = Debug|x64
		{379898AE-92A2-4E54-A5A3-6BE06447D8F1}.Debug|x64.Build.0 = Debug|x64
		{379898AE-92A2-4E54-A5A3-6BE06447D8F1}.Debug|x86.ActiveCfg = Debug|Win32
		{379898AE-92A2-4E54-A5A3-6BE06447D8F1}.Debug|x86.Build.0 = Debug|Win32
		{379898AE-92A2-4E54-A5A3-6BE06447D8F1}.Release|x64.ActiveCfg = Release|x64
		{379898AE-92A2-4E54-A5A3-6BE06447D8F1}.Release|x64.Build.0 = Release|x64
		{379898AE-92A2-4E54-A5A3-6BE06447D8F1}.Release|x86.ActiveCfg = Release|Win32
		{379898AE-92A2-4E54-A5A3-6BE06447D8F1}.Release|x86.Build.0 = Release|Win32
		{FFB06164-6D1E-43F6-B09D-C20EF79900EE}.Debug|x64.ActiveCfg = Debug|x64
		{FFB06164-6D1E-43F6-B09D-C20EF79900EE}.Debug|x64.Build.0 = Debug|x64
		{FFB06164-6D1E-43F6-B09D-C20EF79900EE}.Debug|x86.ActiveCfg = Debug|Win32
		{FFB06164-6D1E-43F6-B09D-C20EF79900EE}.Debug|x86.Build.0 = Debug|Win32
		{FFB06164-6D1E-43F6-B09D-C20EF79900EE}.Release|x64.ActiveCfg = Release|x64
		{FFB06164-6D1E-43F6-B09D-C20EF79900EE}.Release|x64.Build.0 = Release|x64
		{FFB06164-6D1E-43F6-B09D-C20EF79900EE}.Release|x86.ActiveCfg = Release|Win32
		{FFB06164-6D1E-43F6-B09D-C20EF79900EE}.Release|x86.Build.0 = Release|Win32
		{8449B28B-7740-4B2C-8621-62780B2799B5}.Debug|x64.ActiveCfg = Debug|x64
		{8449B28B-7740-4B2C-8621-62780B2799B5}.Debug|x64.Build.0 = Debug|x64
		{8449B28B-7740-4B2C-8621-62780B2799B5}.Debug|x86.ActiveCfg = Debug|Win32
		{8449B28B-7740-4B2C-8621-62780B2799B5}.Debug|x86.Build.0 = Debug|Win32
		{8449B28B-7740-4B2C-8621-62780B2799B5}.Release|x64.ActiveCfg = Release|x64
		{8449B28B-7740-4B2C-8621-62780B2799B5}.Release|x64.Build.0 = Release|x64
		{8449B28B-7740-4B2C-8621-62780B2799B5}.Release|x86.ActiveCfg = Release|Win32
		{8449B28B-7740-4B2C-8621-62780B2799B5}.Release|x86.Build.0 = Release|Win32
		{2A75E2F0-4074-46F9-A6D2-DEDB9B5D10A9}.Debug|x64.ActiveCfg = Debug|x64
		{2A75E2F0-4074-46F9-A6D2-DEDB9B5D10A9}.Debug|x64.Build.0 = Debug|x64
		{2A75E2F0-4074-46F9-A6D2-DEDB9B5D10A9}.Debug|x86.ActiveCfg = Debug|Win32
		{2A75E2F0-4074-46F9-A6D2-DEDB9B5D10A9}.Debug|x86.Build.0 = Debug|Win32
		{2A75E2F0-4074-46F9-A6D2-DEDB9B5D10A9}.Release|x64.ActiveCfg = Release|x64
		{2A75E2F0-4074-46F9-A6D2-DEDB9B5D10A9}.Release|x64.Build.0 = Release|x64
		{2A75E2F0-4074-46F9-A6D2-DEDB9B5D10A9}.Release|x86.ActiveCfg = Release|Win32
		{2A75E2F0-4074-46F9-A6D2-DEDB9B5D10A9}.Release|x86.Build.0 = Release|Win32
		{B4B38EF4-97D5-4928-8FFB-0F4DEFA20945}.Debug|x64.ActiveCfg = Debug|x64
		{B4B38EF4-97D5-4928-8FFB-0F4DEFA20945}.Debug|x64.Build.0 = Debug|x64
		{B4B38EF4-97D5-4928-8FFB-0F4DEFA20945}.Debug|x86.ActiveCfg = Debug|Win32
		{B4B38EF4-97D5-4928-8FFB-0F4DEFA20945}.Debug|x86.Build.0 = Debug|Win32
		{B4B38EF4-97D5-4928-8FFB-0F4DEFA20945}.Release|x64.ActiveCfg = Release|x64
		{B4B38EF4-97D5-4928-8FFB-0F4DEFA20945}.Release|x64.Build.0 = Release|x64
		{B4B38EF4-97D5-4928-8FFB-0F4DEFA20945}.Release|x86.ActiveCfg = Release|Win32
		{B4B38EF4-97D5-4928-8FFB-0F4DEFA20945}.Release|x86.Build.0 = Release|Win32
		{18840FB2-053A-42ED-87E2-952DD7270042}.Debug|x64.ActiveCfg = Debug|x64
		{18840FB2-053A-42ED-87E2-952DD7270042}.Debug|x64.Build.0 = Debug|x64
		{18840FB2-053A-42ED-87E2-952DD7270042}.Debug|x86.ActiveCfg = Debug|Win32
		{18840FB2-053A-42ED-87E2-952DD7270042}.Debug|x86.Build.0 = Debug|Win32
		{18840FB2-053A-42ED-87E2-952DD7270042}.Release|x64.ActiveCfg = Release|x64
		{18840FB2-053A-42ED-87E2-952DD7270042}.Release|x64.Build.0 = Release|x64
		{18840FB2-053A-42ED-87E2-952DD7270042}.Release|x86.ActiveCfg = Release|Win32
		{18840FB2-053A-42ED-87E2-952DD7270042}.Release|x86.Build.0 = Release|Win32
		{DB65E386-63A9-4170-A4E3-61AAF17BAE10}.Debug|x64.ActiveCfg = Debug|x64
		{DB65E386-63A9-4170-A4E3-61AAF17BAE10}.Debug|x64.Build.0 = Debug|x64
		{DB65E386-63A9-4170-A4E3-61AAF17BAE10}.Debug|x86.ActiveCfg = Debug|Win32
		{DB65E386-63A9-4170-A4E3-61AAF17BAE10}.Debug|x86.Build.0 = Debug|Win32
		{DB65E386-63A9-4170-A4E3-61AAF17BAE10}.Release|x64.ActiveCfg = Release|x64
		{DB65E386-63A9-4170-A4E3-61AAF17BAE10}.Release|x64.Build.0 = Release|x64
		{DB65E386-63A9-4170-A4E3-61AAF17BAE10}.Release|x86.ActiveCfg = Release|Win32
		{DB65E386-63A9-4170-A4E3-61AAF17BAE10}.Release|x86.Build.0 = Release|Win32
		{A01C0E10-A665-408D-9E47-2270D0204873}.Debug|x64.ActiveCfg = Debug|x64
		{A01C0E10-A665-408D-9E47-2270D0204873}.Debug|x64.Build.0 = Debug|x64
		{A01C0E10-A665-408D-9E47-2270D0204873}.Debug|x86.ActiveCfg = Debug|Win32
		{A01C0E10-A665-408D-9E47-2270D0204873}.Debug|x86.Build.0 = Debug|Win32
		{A01C0E10-A665-408D-9E47-2270D0204873}.Release|x64.ActiveCfg = Release|x64
		{A01C0E10-A665-408D-9E47-2270D0204873}.Release|x64.Build.0 = Release|x64
		{A01C0E10-A665-408D-9E47-2270D0204873}.Release|x86.ActiveCfg = Release|Win32
		{A01C0E10-A665-408D-9E47-2270D0204873}.Release|x86.Build.0 = Release|Win32
	EndGlobalSection
	GlobalSection(SolutionProperties) = preSolution
		HideSolutionNode = FALSE
	EndGlobalSection
	GlobalSection(ExtensibilityGlobals) = postSolution
		SolutionGuid = {29181A6A-D4EB-4B04-BC89-3009EAF31965}
	EndGlobalSection
EndGlobal
