
Microsoft Visual Studio Solution File, Format Version 12.00
# Visual Studio Version 16
VisualStudioVersion = 16.0.29215.179
MinimumVisualStudioVersion = 10.0.40219.1
Project("{8BC9CEB8-8B4A-11D0-8D11-00A0C91BC942}") = "例5.1-素数环", "例5.1-素数环\例5.1-素数环.vcxproj", "{B683905C-F11F-4D0F-98C3-6ECC7C52AEBC}"
EndProject
Project("{8BC9CEB8-8B4A-11D0-8D11-00A0C91BC942}") = "例5.2-全排列", "例5.2-全排列\例5.2-全排列.vcxproj", "{EF15054B-22FA-4775-8E7E-1B5127552220}"
EndProject
Project("{8BC9CEB8-8B4A-11D0-8D11-00A0C91BC942}") = "例5.3-自然数拆分", "例5.3-自然数拆分\例5.3-自然数拆分.vcxproj", "{E0547D36-5279-45B6-960D-72EA717BD4A6}"
EndProject
Project("{8BC9CEB8-8B4A-11D0-8D11-00A0C91BC942}") = "例5.4-八皇后问题", "例5.4-八皇后问题\例5.4-八皇后问题.vcxproj", "{61090D73-46F1-4056-9695-6A7140734F40}"
EndProject
Project("{8BC9CEB8-8B4A-11D0-8D11-00A0C91BC942}") = "例5.5-马的遍历", "例5.5-马的遍历\例5.5-马的遍历.vcxproj", "{89598EB5-8384-4742-9B72-D97A0EDA790D}"
EndProject
Project("{8BC9CEB8-8B4A-11D0-8D11-00A0C91BC942}") = "例5.6-效益决策", "例5.6-效益决策\例5.6-效益决策.vcxproj", "{5D21B978-20E6-44A0-B10C-C218159EDD23}"
EndProject
Project("{8BC9CEB8-8B4A-11D0-8D11-00A0C91BC942}") = "练习1-LETTERS", "练习1-LETTERS\练习1-LETTERS.vcxproj", "{1B4FED52-692C-4F65-A53F-E70CAD7C193A}"
EndProject
Project("{8BC9CEB8-8B4A-11D0-8D11-00A0C91BC942}") = "练习2-八皇后问题", "练习2-八皇后问题\练习2-八皇后问题.vcxproj", "{1C5CD395-CBCC-4474-B7A0-248ABDADE612}"
EndProject
Global
	GlobalSection(SolutionConfigurationPlatforms) = preSolution
		Debug|x64 = Debug|x64
		Debug|x86 = Debug|x86
		Release|x64 = Release|x64
		Release|x86 = Release|x86
	EndGlobalSection
	GlobalSection(ProjectConfigurationPlatforms) = postSolution
		{B683905C-F11F-4D0F-98C3-6ECC7C52AEBC}.Debug|x64.ActiveCfg = Debug|x64
		{B683905C-F11F-4D0F-98C3-6ECC7C52AEBC}.Debug|x64.Build.0 = Debug|x64
		{B683905C-F11F-4D0F-98C3-6ECC7C52AEBC}.Debug|x86.ActiveCfg = Debug|Win32
		{B683905C-F11F-4D0F-98C3-6ECC7C52AEBC}.Debug|x86.Build.0 = Debug|Win32
		{B683905C-F11F-4D0F-98C3-6ECC7C52AEBC}.Release|x64.ActiveCfg = Release|x64
		{B683905C-F11F-4D0F-98C3-6ECC7C52AEBC}.Release|x64.Build.0 = Release|x64
		{B683905C-F11F-4D0F-98C3-6ECC7C52AEBC}.Release|x86.ActiveCfg = Release|Win32
		{B683905C-F11F-4D0F-98C3-6ECC7C52AEBC}.Release|x86.Build.0 = Release|Win32
		{EF15054B-22FA-4775-8E7E-1B5127552220}.Debug|x64.ActiveCfg = Debug|x64
		{EF15054B-22FA-4775-8E7E-1B5127552220}.Debug|x64.Build.0 = Debug|x64
		{EF15054B-22FA-4775-8E7E-1B5127552220}.Debug|x86.ActiveCfg = Debug|Win32
		{EF15054B-22FA-4775-8E7E-1B5127552220}.Debug|x86.Build.0 = Debug|Win32
		{EF15054B-22FA-4775-8E7E-1B5127552220}.Release|x64.ActiveCfg = Release|x64
		{EF15054B-22FA-4775-8E7E-1B5127552220}.Release|x64.Build.0 = Release|x64
		{EF15054B-22FA-4775-8E7E-1B5127552220}.Release|x86.ActiveCfg = Release|Win32
		{EF15054B-22FA-4775-8E7E-1B5127552220}.Release|x86.Build.0 = Release|Win32
		{E0547D36-5279-45B6-960D-72EA717BD4A6}.Debug|x64.ActiveCfg = Debug|x64
		{E0547D36-5279-45B6-960D-72EA717BD4A6}.Debug|x64.Build.0 = Debug|x64
		{E0547D36-5279-45B6-960D-72EA717BD4A6}.Debug|x86.ActiveCfg = Debug|Win32
		{E0547D36-5279-45B6-960D-72EA717BD4A6}.Debug|x86.Build.0 = Debug|Win32
		{E0547D36-5279-45B6-960D-72EA717BD4A6}.Release|x64.ActiveCfg = Release|x64
		{E0547D36-5279-45B6-960D-72EA717BD4A6}.Release|x64.Build.0 = Release|x64
		{E0547D36-5279-45B6-960D-72EA717BD4A6}.Release|x86.ActiveCfg = Release|Win32
		{E0547D36-5279-45B6-960D-72EA717BD4A6}.Release|x86.Build.0 = Release|Win32
		{61090D73-46F1-4056-9695-6A7140734F40}.Debug|x64.ActiveCfg = Debug|x64
		{61090D73-46F1-4056-9695-6A7140734F40}.Debug|x64.Build.0 = Debug|x64
		{61090D73-46F1-4056-9695-6A7140734F40}.Debug|x86.ActiveCfg = Debug|Win32
		{61090D73-46F1-4056-9695-6A7140734F40}.Debug|x86.Build.0 = Debug|Win32
		{61090D73-46F1-4056-9695-6A7140734F40}.Release|x64.ActiveCfg = Release|x64
		{61090D73-46F1-4056-9695-6A7140734F40}.Release|x64.Build.0 = Release|x64
		{61090D73-46F1-4056-9695-6A7140734F40}.Release|x86.ActiveCfg = Release|Win32
		{61090D73-46F1-4056-9695-6A7140734F40}.Release|x86.Build.0 = Release|Win32
		{89598EB5-8384-4742-9B72-D97A0EDA790D}.Debug|x64.ActiveCfg = Debug|x64
		{89598EB5-8384-4742-9B72-D97A0EDA790D}.Debug|x64.Build.0 = Debug|x64
		{89598EB5-8384-4742-9B72-D97A0EDA790D}.Debug|x86.ActiveCfg = Debug|Win32
		{89598EB5-8384-4742-9B72-D97A0EDA790D}.Debug|x86.Build.0 = Debug|Win32
		{89598EB5-8384-4742-9B72-D97A0EDA790D}.Release|x64.ActiveCfg = Release|x64
		{89598EB5-8384-4742-9B72-D97A0EDA790D}.Release|x64.Build.0 = Release|x64
		{89598EB5-8384-4742-9B72-D97A0EDA790D}.Release|x86.ActiveCfg = Release|Win32
		{89598EB5-8384-4742-9B72-D97A0EDA790D}.Release|x86.Build.0 = Release|Win32
		{5D21B978-20E6-44A0-B10C-C218159EDD23}.Debug|x64.ActiveCfg = Debug|x64
		{5D21B978-20E6-44A0-B10C-C218159EDD23}.Debug|x64.Build.0 = Debug|x64
		{5D21B978-20E6-44A0-B10C-C218159EDD23}.Debug|x86.ActiveCfg = Debug|Win32
		{5D21B978-20E6-44A0-B10C-C218159EDD23}.Debug|x86.Build.0 = Debug|Win32
		{5D21B978-20E6-44A0-B10C-C218159EDD23}.Release|x64.ActiveCfg = Release|x64
		{5D21B978-20E6-44A0-B10C-C218159EDD23}.Release|x64.Build.0 = Release|x64
		{5D21B978-20E6-44A0-B10C-C218159EDD23}.Release|x86.ActiveCfg = Release|Win32
		{5D21B978-20E6-44A0-B10C-C218159EDD23}.Release|x86.Build.0 = Release|Win32
		{1B4FED52-692C-4F65-A53F-E70CAD7C193A}.Debug|x64.ActiveCfg = Debug|x64
		{1B4FED52-692C-4F65-A53F-E70CAD7C193A}.Debug|x64.Build.0 = Debug|x64
		{1B4FED52-692C-4F65-A53F-E70CAD7C193A}.Debug|x86.ActiveCfg = Debug|Win32
		{1B4FED52-692C-4F65-A53F-E70CAD7C193A}.Debug|x86.Build.0 = Debug|Win32
		{1B4FED52-692C-4F65-A53F-E70CAD7C193A}.Release|x64.ActiveCfg = Release|x64
		{1B4FED52-692C-4F65-A53F-E70CAD7C193A}.Release|x64.Build.0 = Release|x64
		{1B4FED52-692C-4F65-A53F-E70CAD7C193A}.Release|x86.ActiveCfg = Release|Win32
		{1B4FED52-692C-4F65-A53F-E70CAD7C193A}.Release|x86.Build.0 = Release|Win32
		{1C5CD395-CBCC-4474-B7A0-248ABDADE612}.Debug|x64.ActiveCfg = Debug|x64
		{1C5CD395-CBCC-4474-B7A0-248ABDADE612}.Debug|x64.Build.0 = Debug|x64
		{1C5CD395-CBCC-4474-B7A0-248ABDADE612}.Debug|x86.ActiveCfg = Debug|Win32
		{1C5CD395-CBCC-4474-B7A0-248ABDADE612}.Debug|x86.Build.0 = Debug|Win32
		{1C5CD395-CBCC-4474-B7A0-248ABDADE612}.Release|x64.ActiveCfg = Release|x64
		{1C5CD395-CBCC-4474-B7A0-248ABDADE612}.Release|x64.Build.0 = Release|x64
		{1C5CD395-CBCC-4474-B7A0-248ABDADE612}.Release|x86.ActiveCfg = Release|Win32
		{1C5CD395-CBCC-4474-B7A0-248ABDADE612}.Release|x86.Build.0 = Release|Win32
	EndGlobalSection
	GlobalSection(SolutionProperties) = preSolution
		HideSolutionNode = FALSE
	EndGlobalSection
	GlobalSection(ExtensibilityGlobals) = postSolution
		SolutionGuid = {439DCAF9-BF55-4946-BCC6-5B6FBE312D04}
	EndGlobalSection
EndGlobal
