
Microsoft Visual Studio Solution File, Format Version 12.00
# Visual Studio Version 16
VisualStudioVersion = 16.0.29215.179
MinimumVisualStudioVersion = 10.0.40219.1
Project("{8BC9CEB8-8B4A-11D0-8D11-00A0C91BC942}") = "1001-Doubles", "1001-Doubles\1001-Doubles.vcxproj", "{5FBFD74E-40C5-4D82-BFCB-0443DE145BB9}"
EndProject
Project("{8BC9CEB8-8B4A-11D0-8D11-00A0C91BC942}") = "1002-Reverse Number", "1002-Reverse Number\1002-Reverse Number.vcxproj", "{5CF6C256-5ED5-4F78-A65D-F818AE52F2D7}"
EndProject
Project("{8BC9CEB8-8B4A-11D0-8D11-00A0C91BC942}") = "1003-Clock", "1003-Clock\1003-Clock.vcxproj", "{7C770C9B-02BD-4DB8-8969-58B205E8F9D9}"
EndProject
Project("{8BC9CEB8-8B4A-11D0-8D11-00A0C91BC942}") = "1004-Ignatius and the Princess II", "1004-Ignatius and the Princess II\1004-Ignatius and the Princess II.vcxproj", "{D6425FEF-B1E1-46FE-AC2B-0A739267B7E2}"
EndProject
Global
	GlobalSection(SolutionConfigurationPlatforms) = preSolution
		Debug|x64 = Debug|x64
		Debug|x86 = Debug|x86
		Release|x64 = Release|x64
		Release|x86 = Release|x86
	EndGlobalSection
	GlobalSection(ProjectConfigurationPlatforms) = postSolution
		{5FBFD74E-40C5-4D82-BFCB-0443DE145BB9}.Debug|x64.ActiveCfg = Debug|x64
		{5FBFD74E-40C5-4D82-BFCB-0443DE145BB9}.Debug|x64.Build.0 = Debug|x64
		{5FBFD74E-40C5-4D82-BFCB-0443DE145BB9}.Debug|x86.ActiveCfg = Debug|Win32
		{5FBFD74E-40C5-4D82-BFCB-0443DE145BB9}.Debug|x86.Build.0 = Debug|Win32
		{5FBFD74E-40C5-4D82-BFCB-0443DE145BB9}.Release|x64.ActiveCfg = Release|x64
		{5FBFD74E-40C5-4D82-BFCB-0443DE145BB9}.Release|x64.Build.0 = Release|x64
		{5FBFD74E-40C5-4D82-BFCB-0443DE145BB9}.Release|x86.ActiveCfg = Release|Win32
		{5FBFD74E-40C5-4D82-BFCB-0443DE145BB9}.Release|x86.Build.0 = Release|Win32
		{5CF6C256-5ED5-4F78-A65D-F818AE52F2D7}.Debug|x64.ActiveCfg = Debug|x64
		{5CF6C256-5ED5-4F78-A65D-F818AE52F2D7}.Debug|x64.Build.0 = Debug|x64
		{5CF6C256-5ED5-4F78-A65D-F818AE52F2D7}.Debug|x86.ActiveCfg = Debug|Win32
		{5CF6C256-5ED5-4F78-A65D-F818AE52F2D7}.Debug|x86.Build.0 = Debug|Win32
		{5CF6C256-5ED5-4F78-A65D-F818AE52F2D7}.Release|x64.ActiveCfg = Release|x64
		{5CF6C256-5ED5-4F78-A65D-F818AE52F2D7}.Release|x64.Build.0 = Release|x64
		{5CF6C256-5ED5-4F78-A65D-F818AE52F2D7}.Release|x86.ActiveCfg = Release|Win32
		{5CF6C256-5ED5-4F78-A65D-F818AE52F2D7}.Release|x86.Build.0 = Release|Win32
		{7C770C9B-02BD-4DB8-8969-58B205E8F9D9}.Debug|x64.ActiveCfg = Debug|x64
		{7C770C9B-02BD-4DB8-8969-58B205E8F9D9}.Debug|x64.Build.0 = Debug|x64
		{7C770C9B-02BD-4DB8-8969-58B205E8F9D9}.Debug|x86.ActiveCfg = Debug|Win32
		{7C770C9B-02BD-4DB8-8969-58B205E8F9D9}.Debug|x86.Build.0 = Debug|Win32
		{7C770C9B-02BD-4DB8-8969-58B205E8F9D9}.Release|x64.ActiveCfg = Release|x64
		{7C770C9B-02BD-4DB8-8969-58B205E8F9D9}.Release|x64.Build.0 = Release|x64
		{7C770C9B-02BD-4DB8-8969-58B205E8F9D9}.Release|x86.ActiveCfg = Release|Win32
		{7C770C9B-02BD-4DB8-8969-58B205E8F9D9}.Release|x86.Build.0 = Release|Win32
		{D6425FEF-B1E1-46FE-AC2B-0A739267B7E2}.Debug|x64.ActiveCfg = Debug|x64
		{D6425FEF-B1E1-46FE-AC2B-0A739267B7E2}.Debug|x64.Build.0 = Debug|x64
		{D6425FEF-B1E1-46FE-AC2B-0A739267B7E2}.Debug|x86.ActiveCfg = Debug|Win32
		{D6425FEF-B1E1-46FE-AC2B-0A739267B7E2}.Debug|x86.Build.0 = Debug|Win32
		{D6425FEF-B1E1-46FE-AC2B-0A739267B7E2}.Release|x64.ActiveCfg = Release|x64
		{D6425FEF-B1E1-46FE-AC2B-0A739267B7E2}.Release|x64.Build.0 = Release|x64
		{D6425FEF-B1E1-46FE-AC2B-0A739267B7E2}.Release|x86.ActiveCfg = Release|Win32
		{D6425FEF-B1E1-46FE-AC2B-0A739267B7E2}.Release|x86.Build.0 = Release|Win32
	EndGlobalSection
	GlobalSection(SolutionProperties) = preSolution
		HideSolutionNode = FALSE
	EndGlobalSection
	GlobalSection(ExtensibilityGlobals) = postSolution
		SolutionGuid = {586E927A-3155-4988-AD47-18444612A154}
	EndGlobalSection
EndGlobal
