
Microsoft Visual Studio Solution File, Format Version 12.00
# Visual Studio Version 16
VisualStudioVersion = 16.0.29215.179
MinimumVisualStudioVersion = 10.0.40219.1
Project("{8BC9CEB8-8B4A-11D0-8D11-00A0C91BC942}") = "1001-Sum Problem", "1001-Sum Problem\1001-Sum Problem.vcxproj", "{721BCC0B-481B-44D4-8BC9-796A6E5F21AB}"
EndProject
Project("{8BC9CEB8-8B4A-11D0-8D11-00A0C91BC942}") = "1002-Tiling_easy version", "1002-Tiling_easy version\1002-Tiling_easy version.vcxproj", "{2DA38E2C-386C-4173-92FC-40FB2EB70876}"
EndProject
Project("{8BC9CEB8-8B4A-11D0-8D11-00A0C91BC942}") = "1003-三角形", "1003-三角形\1003-三角形.vcxproj", "{6E737B2C-46C0-41CA-A3DF-3A48AC20FFAE}"
EndProject
Project("{8BC9CEB8-8B4A-11D0-8D11-00A0C91BC942}") = "1004-Tri Tiling", "1004-Tri Tiling\1004-Tri Tiling.vcxproj", "{ECA72864-A6D2-4547-86DE-14FB2C61F74F}"
EndProject
Project("{8BC9CEB8-8B4A-11D0-8D11-00A0C91BC942}") = "1005-Number Sequence", "1005-Number Sequence\1005-Number Sequence.vcxproj", "{72FAC5AC-FB97-4FB6-A2D5-219AB921D97A}"
EndProject
Project("{8BC9CEB8-8B4A-11D0-8D11-00A0C91BC942}") = "1006-钱币兑换问题", "1006-钱币兑换问题\1006-钱币兑换问题.vcxproj", "{4F0825D5-CA5E-47FC-BFCA-06A22EAE3BE0}"
EndProject
Project("{8BC9CEB8-8B4A-11D0-8D11-00A0C91BC942}") = "1007-汉诺塔Ⅱ", "1007-汉诺塔Ⅱ\1007-汉诺塔Ⅱ.vcxproj", "{DBC3F30C-E05E-4CB6-9384-33D7F7770356}"
EndProject
Project("{8BC9CEB8-8B4A-11D0-8D11-00A0C91BC942}") = "1008-舞蹈毯", "1008-舞蹈毯\1008-舞蹈毯.vcxproj", "{A516D8B0-5882-4A55-8FD7-EE12A08FFC07}"
EndProject
Project("{8BC9CEB8-8B4A-11D0-8D11-00A0C91BC942}") = "1009-母猪的故事", "1009-母猪的故事\1009-母猪的故事.vcxproj", "{76EC4CD3-1F2F-458A-BCA2-BF9EF26DE0A2}"
EndProject
Project("{8BC9CEB8-8B4A-11D0-8D11-00A0C91BC942}") = "1010-彼岸", "1010-彼岸\1010-彼岸.vcxproj", "{C9E83D69-4FA2-486A-96E1-6FFF859255FD}"
EndProject
Project("{8BC9CEB8-8B4A-11D0-8D11-00A0C91BC942}") = "1011-Sumsets", "1011-Sumsets\1011-Sumsets.vcxproj", "{57A56030-3864-4E87-B2B6-A777C887E599}"
EndProject
Project("{8BC9CEB8-8B4A-11D0-8D11-00A0C91BC942}") = "1012-统计问题", "1012-统计问题\1012-统计问题.vcxproj", "{4E80D81C-357B-49D2-9189-7F1D39010AE9}"
EndProject
Global
	GlobalSection(SolutionConfigurationPlatforms) = preSolution
		Debug|x64 = Debug|x64
		Debug|x86 = Debug|x86
		Release|x64 = Release|x64
		Release|x86 = Release|x86
	EndGlobalSection
	GlobalSection(ProjectConfigurationPlatforms) = postSolution
		{721BCC0B-481B-44D4-8BC9-796A6E5F21AB}.Debug|x64.ActiveCfg = Debug|x64
		{721BCC0B-481B-44D4-8BC9-796A6E5F21AB}.Debug|x64.Build.0 = Debug|x64
		{721BCC0B-481B-44D4-8BC9-796A6E5F21AB}.Debug|x86.ActiveCfg = Debug|Win32
		{721BCC0B-481B-44D4-8BC9-796A6E5F21AB}.Debug|x86.Build.0 = Debug|Win32
		{721BCC0B-481B-44D4-8BC9-796A6E5F21AB}.Release|x64.ActiveCfg = Release|x64
		{721BCC0B-481B-44D4-8BC9-796A6E5F21AB}.Release|x64.Build.0 = Release|x64
		{721BCC0B-481B-44D4-8BC9-796A6E5F21AB}.Release|x86.ActiveCfg = Release|Win32
		{721BCC0B-481B-44D4-8BC9-796A6E5F21AB}.Release|x86.Build.0 = Release|Win32
		{2DA38E2C-386C-4173-92FC-40FB2EB70876}.Debug|x64.ActiveCfg = Debug|x64
		{2DA38E2C-386C-4173-92FC-40FB2EB70876}.Debug|x64.Build.0 = Debug|x64
		{2DA38E2C-386C-4173-92FC-40FB2EB70876}.Debug|x86.ActiveCfg = Debug|Win32
		{2DA38E2C-386C-4173-92FC-40FB2EB70876}.Debug|x86.Build.0 = Debug|Win32
		{2DA38E2C-386C-4173-92FC-40FB2EB70876}.Release|x64.ActiveCfg = Release|x64
		{2DA38E2C-386C-4173-92FC-40FB2EB70876}.Release|x64.Build.0 = Release|x64
		{2DA38E2C-386C-4173-92FC-40FB2EB70876}.Release|x86.ActiveCfg = Release|Win32
		{2DA38E2C-386C-4173-92FC-40FB2EB70876}.Release|x86.Build.0 = Release|Win32
		{6E737B2C-46C0-41CA-A3DF-3A48AC20FFAE}.Debug|x64.ActiveCfg = Debug|x64
		{6E737B2C-46C0-41CA-A3DF-3A48AC20FFAE}.Debug|x64.Build.0 = Debug|x64
		{6E737B2C-46C0-41CA-A3DF-3A48AC20FFAE}.Debug|x86.ActiveCfg = Debug|Win32
		{6E737B2C-46C0-41CA-A3DF-3A48AC20FFAE}.Debug|x86.Build.0 = Debug|Win32
		{6E737B2C-46C0-41CA-A3DF-3A48AC20FFAE}.Release|x64.ActiveCfg = Release|x64
		{6E737B2C-46C0-41CA-A3DF-3A48AC20FFAE}.Release|x64.Build.0 = Release|x64
		{6E737B2C-46C0-41CA-A3DF-3A48AC20FFAE}.Release|x86.ActiveCfg = Release|Win32
		{6E737B2C-46C0-41CA-A3DF-3A48AC20FFAE}.Release|x86.Build.0 = Release|Win32
		{ECA72864-A6D2-4547-86DE-14FB2C61F74F}.Debug|x64.ActiveCfg = Debug|x64
		{ECA72864-A6D2-4547-86DE-14FB2C61F74F}.Debug|x64.Build.0 = Debug|x64
		{ECA72864-A6D2-4547-86DE-14FB2C61F74F}.Debug|x86.ActiveCfg = Debug|Win32
		{ECA72864-A6D2-4547-86DE-14FB2C61F74F}.Debug|x86.Build.0 = Debug|Win32
		{ECA72864-A6D2-4547-86DE-14FB2C61F74F}.Release|x64.ActiveCfg = Release|x64
		{ECA72864-A6D2-4547-86DE-14FB2C61F74F}.Release|x64.Build.0 = Release|x64
		{ECA72864-A6D2-4547-86DE-14FB2C61F74F}.Release|x86.ActiveCfg = Release|Win32
		{ECA72864-A6D2-4547-86DE-14FB2C61F74F}.Release|x86.Build.0 = Release|Win32
		{72FAC5AC-FB97-4FB6-A2D5-219AB921D97A}.Debug|x64.ActiveCfg = Debug|x64
		{72FAC5AC-FB97-4FB6-A2D5-219AB921D97A}.Debug|x64.Build.0 = Debug|x64
		{72FAC5AC-FB97-4FB6-A2D5-219AB921D97A}.Debug|x86.ActiveCfg = Debug|Win32
		{72FAC5AC-FB97-4FB6-A2D5-219AB921D97A}.Debug|x86.Build.0 = Debug|Win32
		{72FAC5AC-FB97-4FB6-A2D5-219AB921D97A}.Release|x64.ActiveCfg = Release|x64
		{72FAC5AC-FB97-4FB6-A2D5-219AB921D97A}.Release|x64.Build.0 = Release|x64
		{72FAC5AC-FB97-4FB6-A2D5-219AB921D97A}.Release|x86.ActiveCfg = Release|Win32
		{72FAC5AC-FB97-4FB6-A2D5-219AB921D97A}.Release|x86.Build.0 = Release|Win32
		{4F0825D5-CA5E-47FC-BFCA-06A22EAE3BE0}.Debug|x64.ActiveCfg = Debug|x64
		{4F0825D5-CA5E-47FC-BFCA-06A22EAE3BE0}.Debug|x64.Build.0 = Debug|x64
		{4F0825D5-CA5E-47FC-BFCA-06A22EAE3BE0}.Debug|x86.ActiveCfg = Debug|Win32
		{4F0825D5-CA5E-47FC-BFCA-06A22EAE3BE0}.Debug|x86.Build.0 = Debug|Win32
		{4F0825D5-CA5E-47FC-BFCA-06A22EAE3BE0}.Release|x64.ActiveCfg = Release|x64
		{4F0825D5-CA5E-47FC-BFCA-06A22EAE3BE0}.Release|x64.Build.0 = Release|x64
		{4F0825D5-CA5E-47FC-BFCA-06A22EAE3BE0}.Release|x86.ActiveCfg = Release|Win32
		{4F0825D5-CA5E-47FC-BFCA-06A22EAE3BE0}.Release|x86.Build.0 = Release|Win32
		{DBC3F30C-E05E-4CB6-9384-33D7F7770356}.Debug|x64.ActiveCfg = Debug|x64
		{DBC3F30C-E05E-4CB6-9384-33D7F7770356}.Debug|x64.Build.0 = Debug|x64
		{DBC3F30C-E05E-4CB6-9384-33D7F7770356}.Debug|x86.ActiveCfg = Debug|Win32
		{DBC3F30C-E05E-4CB6-9384-33D7F7770356}.Debug|x86.Build.0 = Debug|Win32
		{DBC3F30C-E05E-4CB6-9384-33D7F7770356}.Release|x64.ActiveCfg = Release|x64
		{DBC3F30C-E05E-4CB6-9384-33D7F7770356}.Release|x64.Build.0 = Release|x64
		{DBC3F30C-E05E-4CB6-9384-33D7F7770356}.Release|x86.ActiveCfg = Release|Win32
		{DBC3F30C-E05E-4CB6-9384-33D7F7770356}.Release|x86.Build.0 = Release|Win32
		{A516D8B0-5882-4A55-8FD7-EE12A08FFC07}.Debug|x64.ActiveCfg = Debug|x64
		{A516D8B0-5882-4A55-8FD7-EE12A08FFC07}.Debug|x64.Build.0 = Debug|x64
		{A516D8B0-5882-4A55-8FD7-EE12A08FFC07}.Debug|x86.ActiveCfg = Debug|Win32
		{A516D8B0-5882-4A55-8FD7-EE12A08FFC07}.Debug|x86.Build.0 = Debug|Win32
		{A516D8B0-5882-4A55-8FD7-EE12A08FFC07}.Release|x64.ActiveCfg = Release|x64
		{A516D8B0-5882-4A55-8FD7-EE12A08FFC07}.Release|x64.Build.0 = Release|x64
		{A516D8B0-5882-4A55-8FD7-EE12A08FFC07}.Release|x86.ActiveCfg = Release|Win32
		{A516D8B0-5882-4A55-8FD7-EE12A08FFC07}.Release|x86.Build.0 = Release|Win32
		{76EC4CD3-1F2F-458A-BCA2-BF9EF26DE0A2}.Debug|x64.ActiveCfg = Debug|x64
		{76EC4CD3-1F2F-458A-BCA2-BF9EF26DE0A2}.Debug|x64.Build.0 = Debug|x64
		{76EC4CD3-1F2F-458A-BCA2-BF9EF26DE0A2}.Debug|x86.ActiveCfg = Debug|Win32
		{76EC4CD3-1F2F-458A-BCA2-BF9EF26DE0A2}.Debug|x86.Build.0 = Debug|Win32
		{76EC4CD3-1F2F-458A-BCA2-BF9EF26DE0A2}.Release|x64.ActiveCfg = Release|x64
		{76EC4CD3-1F2F-458A-BCA2-BF9EF26DE0A2}.Release|x64.Build.0 = Release|x64
		{76EC4CD3-1F2F-458A-BCA2-BF9EF26DE0A2}.Release|x86.ActiveCfg = Release|Win32
		{76EC4CD3-1F2F-458A-BCA2-BF9EF26DE0A2}.Release|x86.Build.0 = Release|Win32
		{C9E83D69-4FA2-486A-96E1-6FFF859255FD}.Debug|x64.ActiveCfg = Debug|x64
		{C9E83D69-4FA2-486A-96E1-6FFF859255FD}.Debug|x64.Build.0 = Debug|x64
		{C9E83D69-4FA2-486A-96E1-6FFF859255FD}.Debug|x86.ActiveCfg = Debug|Win32
		{C9E83D69-4FA2-486A-96E1-6FFF859255FD}.Debug|x86.Build.0 = Debug|Win32
		{C9E83D69-4FA2-486A-96E1-6FFF859255FD}.Release|x64.ActiveCfg = Release|x64
		{C9E83D69-4FA2-486A-96E1-6FFF859255FD}.Release|x64.Build.0 = Release|x64
		{C9E83D69-4FA2-486A-96E1-6FFF859255FD}.Release|x86.ActiveCfg = Release|Win32
		{C9E83D69-4FA2-486A-96E1-6FFF859255FD}.Release|x86.Build.0 = Release|Win32
		{57A56030-3864-4E87-B2B6-A777C887E599}.Debug|x64.ActiveCfg = Debug|x64
		{57A56030-3864-4E87-B2B6-A777C887E599}.Debug|x64.Build.0 = Debug|x64
		{57A56030-3864-4E87-B2B6-A777C887E599}.Debug|x86.ActiveCfg = Debug|Win32
		{57A56030-3864-4E87-B2B6-A777C887E599}.Debug|x86.Build.0 = Debug|Win32
		{57A56030-3864-4E87-B2B6-A777C887E599}.Release|x64.ActiveCfg = Release|x64
		{57A56030-3864-4E87-B2B6-A777C887E599}.Release|x64.Build.0 = Release|x64
		{57A56030-3864-4E87-B2B6-A777C887E599}.Release|x86.ActiveCfg = Release|Win32
		{57A56030-3864-4E87-B2B6-A777C887E599}.Release|x86.Build.0 = Release|Win32
		{4E80D81C-357B-49D2-9189-7F1D39010AE9}.Debug|x64.ActiveCfg = Debug|x64
		{4E80D81C-357B-49D2-9189-7F1D39010AE9}.Debug|x64.Build.0 = Debug|x64
		{4E80D81C-357B-49D2-9189-7F1D39010AE9}.Debug|x86.ActiveCfg = Debug|Win32
		{4E80D81C-357B-49D2-9189-7F1D39010AE9}.Debug|x86.Build.0 = Debug|Win32
		{4E80D81C-357B-49D2-9189-7F1D39010AE9}.Release|x64.ActiveCfg = Release|x64
		{4E80D81C-357B-49D2-9189-7F1D39010AE9}.Release|x64.Build.0 = Release|x64
		{4E80D81C-357B-49D2-9189-7F1D39010AE9}.Release|x86.ActiveCfg = Release|Win32
		{4E80D81C-357B-49D2-9189-7F1D39010AE9}.Release|x86.Build.0 = Release|Win32
	EndGlobalSection
	GlobalSection(SolutionProperties) = preSolution
		HideSolutionNode = FALSE
	EndGlobalSection
	GlobalSection(ExtensibilityGlobals) = postSolution
		SolutionGuid = {871F712C-2E53-4BCC-9E29-7D6F474BF3F1}
	EndGlobalSection
EndGlobal
