
Microsoft Visual Studio Solution File, Format Version 12.00
# Visual Studio Version 16
VisualStudioVersion = 16.0.29215.179
MinimumVisualStudioVersion = 10.0.40219.1
Project("{8BC9CEB8-8B4A-11D0-8D11-00A0C91BC942}") = "例3.1-数塔问题", "例3.1-数塔问题\例3.1-数塔问题.vcxproj", "{8F326DCA-F344-471D-AEBE-A9A11C88E935}"
EndProject
Project("{8BC9CEB8-8B4A-11D0-8D11-00A0C91BC942}") = "例3.2-Fibonacci数列", "例3.2-Fibonacci数列\例3.2-Fibonacci数列.vcxproj", "{758683F1-31F4-4E17-99CC-B477C54AEDAD}"
EndProject
Project("{8BC9CEB8-8B4A-11D0-8D11-00A0C91BC942}") = "例3.3-方格覆盖", "例3.3-方格覆盖\例3.3-方格覆盖.vcxproj", "{90F77969-9456-42D5-A144-532F1BE05B55}"
EndProject
Project("{8BC9CEB8-8B4A-11D0-8D11-00A0C91BC942}") = "例3.4-昆虫繁殖", "例3.4-昆虫繁殖\例3.4-昆虫繁殖.vcxproj", "{8CC2C8DC-DE30-43E3-9872-5A7A98416262}"
EndProject
Project("{8BC9CEB8-8B4A-11D0-8D11-00A0C91BC942}") = "例3.5-位数问题", "例3.5-位数问题\例3.5-位数问题.vcxproj", "{DF6BD500-423E-4049-9F21-F8B65F637189}"
EndProject
Project("{8BC9CEB8-8B4A-11D0-8D11-00A0C91BC942}") = "例3.6-过河卒问题（NOIP2002）", "例3.6-过河卒问题（NOIP2002）\例3.6-过河卒问题（NOIP2002）.vcxproj", "{DF653F3C-633E-4317-90E0-5CD22B8050AC}"
EndProject
Global
	GlobalSection(SolutionConfigurationPlatforms) = preSolution
		Debug|x64 = Debug|x64
		Debug|x86 = Debug|x86
		Release|x64 = Release|x64
		Release|x86 = Release|x86
	EndGlobalSection
	GlobalSection(ProjectConfigurationPlatforms) = postSolution
		{8F326DCA-F344-471D-AEBE-A9A11C88E935}.Debug|x64.ActiveCfg = Debug|x64
		{8F326DCA-F344-471D-AEBE-A9A11C88E935}.Debug|x64.Build.0 = Debug|x64
		{8F326DCA-F344-471D-AEBE-A9A11C88E935}.Debug|x86.ActiveCfg = Debug|Win32
		{8F326DCA-F344-471D-AEBE-A9A11C88E935}.Debug|x86.Build.0 = Debug|Win32
		{8F326DCA-F344-471D-AEBE-A9A11C88E935}.Release|x64.ActiveCfg = Release|x64
		{8F326DCA-F344-471D-AEBE-A9A11C88E935}.Release|x64.Build.0 = Release|x64
		{8F326DCA-F344-471D-AEBE-A9A11C88E935}.Release|x86.ActiveCfg = Release|Win32
		{8F326DCA-F344-471D-AEBE-A9A11C88E935}.Release|x86.Build.0 = Release|Win32
		{758683F1-31F4-4E17-99CC-B477C54AEDAD}.Debug|x64.ActiveCfg = Debug|x64
		{758683F1-31F4-4E17-99CC-B477C54AEDAD}.Debug|x64.Build.0 = Debug|x64
		{758683F1-31F4-4E17-99CC-B477C54AEDAD}.Debug|x86.ActiveCfg = Debug|Win32
		{758683F1-31F4-4E17-99CC-B477C54AEDAD}.Debug|x86.Build.0 = Debug|Win32
		{758683F1-31F4-4E17-99CC-B477C54AEDAD}.Release|x64.ActiveCfg = Release|x64
		{758683F1-31F4-4E17-99CC-B477C54AEDAD}.Release|x64.Build.0 = Release|x64
		{758683F1-31F4-4E17-99CC-B477C54AEDAD}.Release|x86.ActiveCfg = Release|Win32
		{758683F1-31F4-4E17-99CC-B477C54AEDAD}.Release|x86.Build.0 = Release|Win32
		{90F77969-9456-42D5-A144-532F1BE05B55}.Debug|x64.ActiveCfg = Debug|x64
		{90F77969-9456-42D5-A144-532F1BE05B55}.Debug|x64.Build.0 = Debug|x64
		{90F77969-9456-42D5-A144-532F1BE05B55}.Debug|x86.ActiveCfg = Debug|Win32
		{90F77969-9456-42D5-A144-532F1BE05B55}.Debug|x86.Build.0 = Debug|Win32
		{90F77969-9456-42D5-A144-532F1BE05B55}.Release|x64.ActiveCfg = Release|x64
		{90F77969-9456-42D5-A144-532F1BE05B55}.Release|x64.Build.0 = Release|x64
		{90F77969-9456-42D5-A144-532F1BE05B55}.Release|x86.ActiveCfg = Release|Win32
		{90F77969-9456-42D5-A144-532F1BE05B55}.Release|x86.Build.0 = Release|Win32
		{8CC2C8DC-DE30-43E3-9872-5A7A98416262}.Debug|x64.ActiveCfg = Debug|x64
		{8CC2C8DC-DE30-43E3-9872-5A7A98416262}.Debug|x64.Build.0 = Debug|x64
		{8CC2C8DC-DE30-43E3-9872-5A7A98416262}.Debug|x86.ActiveCfg = Debug|Win32
		{8CC2C8DC-DE30-43E3-9872-5A7A98416262}.Debug|x86.Build.0 = Debug|Win32
		{8CC2C8DC-DE30-43E3-9872-5A7A98416262}.Release|x64.ActiveCfg = Release|x64
		{8CC2C8DC-DE30-43E3-9872-5A7A98416262}.Release|x64.Build.0 = Release|x64
		{8CC2C8DC-DE30-43E3-9872-5A7A98416262}.Release|x86.ActiveCfg = Release|Win32
		{8CC2C8DC-DE30-43E3-9872-5A7A98416262}.Release|x86.Build.0 = Release|Win32
		{DF6BD500-423E-4049-9F21-F8B65F637189}.Debug|x64.ActiveCfg = Debug|x64
		{DF6BD500-423E-4049-9F21-F8B65F637189}.Debug|x64.Build.0 = Debug|x64
		{DF6BD500-423E-4049-9F21-F8B65F637189}.Debug|x86.ActiveCfg = Debug|Win32
		{DF6BD500-423E-4049-9F21-F8B65F637189}.Debug|x86.Build.0 = Debug|Win32
		{DF6BD500-423E-4049-9F21-F8B65F637189}.Release|x64.ActiveCfg = Release|x64
		{DF6BD500-423E-4049-9F21-F8B65F637189}.Release|x64.Build.0 = Release|x64
		{DF6BD500-423E-4049-9F21-F8B65F637189}.Release|x86.ActiveCfg = Release|Win32
		{DF6BD500-423E-4049-9F21-F8B65F637189}.Release|x86.Build.0 = Release|Win32
		{DF653F3C-633E-4317-90E0-5CD22B8050AC}.Debug|x64.ActiveCfg = Debug|x64
		{DF653F3C-633E-4317-90E0-5CD22B8050AC}.Debug|x64.Build.0 = Debug|x64
		{DF653F3C-633E-4317-90E0-5CD22B8050AC}.Debug|x86.ActiveCfg = Debug|Win32
		{DF653F3C-633E-4317-90E0-5CD22B8050AC}.Debug|x86.Build.0 = Debug|Win32
		{DF653F3C-633E-4317-90E0-5CD22B8050AC}.Release|x64.ActiveCfg = Release|x64
		{DF653F3C-633E-4317-90E0-5CD22B8050AC}.Release|x64.Build.0 = Release|x64
		{DF653F3C-633E-4317-90E0-5CD22B8050AC}.Release|x86.ActiveCfg = Release|Win32
		{DF653F3C-633E-4317-90E0-5CD22B8050AC}.Release|x86.Build.0 = Release|Win32
	EndGlobalSection
	GlobalSection(SolutionProperties) = preSolution
		HideSolutionNode = FALSE
	EndGlobalSection
	GlobalSection(ExtensibilityGlobals) = postSolution
		SolutionGuid = {8F050C15-C3F9-4E71-A3F4-56F3C79FD7FD}
	EndGlobalSection
EndGlobal
