
Microsoft Visual Studio Solution File, Format Version 12.00
# Visual Studio Version 16
VisualStudioVersion = 16.0.29215.179
MinimumVisualStudioVersion = 10.0.40219.1
Project("{8BC9CEB8-8B4A-11D0-8D11-00A0C91BC942}") = "例3.1-数塔问题", "例3.1-数塔问题\例3.1-数塔问题.vcxproj", "{8F326DCA-F344-471D-AEBE-A9A11C88E935}"
EndProject
Project("{8BC9CEB8-8B4A-11D0-8D11-00A0C91BC942}") = "例3.2-Fibonacci数列", "例3.2-Fibonacci数列\例3.2-Fibonacci数列.vcxproj", "{758683F1-31F4-4E17-99CC-B477C54AEDAD}"
EndProject
Project("{8BC9CEB8-8B4A-11D0-8D11-00A0C91BC942}") = "例3.3-方格覆盖", "例3.3-方格覆盖\例3.3-方格覆盖.vcxproj", "{90F77969-9456-42D5-A144-532F1BE05B55}"
EndProject
Project("{8BC9CEB8-8B4A-11D0-8D11-00A0C91BC942}") = "例3.4-昆虫繁殖", "例3.4-昆虫繁殖\例3.4-昆虫繁殖.vcxproj", "{8CC2C8DC-DE30-43E3-9872-5A7A98416262}"
EndProject
Project("{8BC9CEB8-8B4A-11D0-8D11-00A0C91BC942}") = "例3.5-位数问题", "例3.5-位数问题\例3.5-位数问题.vcxproj", "{DF6BD500-423E-4049-9F21-F8B65F637189}"
EndProject
Project("{8BC9CEB8-8B4A-11D0-8D11-00A0C91BC942}") = "例3.6-过河卒问题（NOIP2002）", "例3.6-过河卒问题（NOIP2002）\例3.6-过河卒问题（NOIP2002）.vcxproj", "{DF653F3C-633E-4317-90E0-5CD22B8050AC}"
EndProject
Project("{8BC9CEB8-8B4A-11D0-8D11-00A0C91BC942}") = "练习1-斐波那契数列（2）", "练习1-斐波那契数列（2）\练习1-斐波那契数列（2）.vcxproj", "{038A0C55-B9B2-41C5-BF31-811D7F692E90}"
EndProject
Project("{8BC9CEB8-8B4A-11D0-8D11-00A0C91BC942}") = "练习2-Pell数列", "练习2-Pell数列\练习2-Pell数列.vcxproj", "{55887420-77C9-4869-9609-7525646E9849}"
EndProject
Project("{8BC9CEB8-8B4A-11D0-8D11-00A0C91BC942}") = "练习3-上台阶", "练习3-上台阶\练习3-上台阶.vcxproj", "{526DC5D7-6548-4C4F-AC45-0DBF8CE2FD85}"
EndProject
Project("{8BC9CEB8-8B4A-11D0-8D11-00A0C91BC942}") = "练习4-流感传染", "练习4-流感传染\练习4-流感传染.vcxproj", "{E3C15C8A-A6D4-41EE-A95D-862CAE7FB9B8}"
EndProject
Project("{8BC9CEB8-8B4A-11D0-8D11-00A0C91BC942}") = "练习5-放苹果", "练习5-放苹果\练习5-放苹果.vcxproj", "{9F198809-5422-4409-BD0F-AC22467EB93D}"
EndProject
Project("{8BC9CEB8-8B4A-11D0-8D11-00A0C91BC942}") = "练习6-吃糖果", "练习6-吃糖果\练习6-吃糖果.vcxproj", "{FC8B9189-A527-458C-BF34-4DC32CE954DB}"
EndProject
Project("{8BC9CEB8-8B4A-11D0-8D11-00A0C91BC942}") = "练习7-移动路线", "练习7-移动路线\练习7-移动路线.vcxproj", "{E58C7497-D8A4-4175-9C0C-9E199CD235BE}"
EndProject
Project("{8BC9CEB8-8B4A-11D0-8D11-00A0C91BC942}") = "练习8-判断整除", "练习8-判断整除\练习8-判断整除.vcxproj", "{434EC55C-DF60-401F-8028-15ECFB42D89C}"
EndProject
Project("{8BC9CEB8-8B4A-11D0-8D11-00A0C91BC942}") = "练习9-踩方格", "练习9-踩方格\练习9-踩方格.vcxproj", "{36665872-31AC-4349-B669-C6EF33302A5F}"
EndProject
Project("{8BC9CEB8-8B4A-11D0-8D11-00A0C91BC942}") = "练习10-山区建小学", "练习10-山区建小学\练习10-山区建小学.vcxproj", "{33CC69EA-28BA-484C-BA1D-404E72DBA2FD}"
EndProject
Global
	GlobalSection(SolutionConfigurationPlatforms) = preSolution
		Debug|x64 = Debug|x64
		Debug|x86 = Debug|x86
		Release|x64 = Release|x64
		Release|x86 = Release|x86
	EndGlobalSection
	GlobalSection(ProjectConfigurationPlatforms) = postSolution
		{8F326DCA-F344-471D-AEBE-A9A11C88E935}.Debug|x64.ActiveCfg = Debug|x64
		{8F326DCA-F344-471D-AEBE-A9A11C88E935}.Debug|x64.Build.0 = Debug|x64
		{8F326DCA-F344-471D-AEBE-A9A11C88E935}.Debug|x86.ActiveCfg = Debug|Win32
		{8F326DCA-F344-471D-AEBE-A9A11C88E935}.Debug|x86.Build.0 = Debug|Win32
		{8F326DCA-F344-471D-AEBE-A9A11C88E935}.Release|x64.ActiveCfg = Release|x64
		{8F326DCA-F344-471D-AEBE-A9A11C88E935}.Release|x64.Build.0 = Release|x64
		{8F326DCA-F344-471D-AEBE-A9A11C88E935}.Release|x86.ActiveCfg = Release|Win32
		{8F326DCA-F344-471D-AEBE-A9A11C88E935}.Release|x86.Build.0 = Release|Win32
		{758683F1-31F4-4E17-99CC-B477C54AEDAD}.Debug|x64.ActiveCfg = Debug|x64
		{758683F1-31F4-4E17-99CC-B477C54AEDAD}.Debug|x64.Build.0 = Debug|x64
		{758683F1-31F4-4E17-99CC-B477C54AEDAD}.Debug|x86.ActiveCfg = Debug|Win32
		{758683F1-31F4-4E17-99CC-B477C54AEDAD}.Debug|x86.Build.0 = Debug|Win32
		{758683F1-31F4-4E17-99CC-B477C54AEDAD}.Release|x64.ActiveCfg = Release|x64
		{758683F1-31F4-4E17-99CC-B477C54AEDAD}.Release|x64.Build.0 = Release|x64
		{758683F1-31F4-4E17-99CC-B477C54AEDAD}.Release|x86.ActiveCfg = Release|Win32
		{758683F1-31F4-4E17-99CC-B477C54AEDAD}.Release|x86.Build.0 = Release|Win32
		{90F77969-9456-42D5-A144-532F1BE05B55}.Debug|x64.ActiveCfg = Debug|x64
		{90F77969-9456-42D5-A144-532F1BE05B55}.Debug|x64.Build.0 = Debug|x64
		{90F77969-9456-42D5-A144-532F1BE05B55}.Debug|x86.ActiveCfg = Debug|Win32
		{90F77969-9456-42D5-A144-532F1BE05B55}.Debug|x86.Build.0 = Debug|Win32
		{90F77969-9456-42D5-A144-532F1BE05B55}.Release|x64.ActiveCfg = Release|x64
		{90F77969-9456-42D5-A144-532F1BE05B55}.Release|x64.Build.0 = Release|x64
		{90F77969-9456-42D5-A144-532F1BE05B55}.Release|x86.ActiveCfg = Release|Win32
		{90F77969-9456-42D5-A144-532F1BE05B55}.Release|x86.Build.0 = Release|Win32
		{8CC2C8DC-DE30-43E3-9872-5A7A98416262}.Debug|x64.ActiveCfg = Debug|x64
		{8CC2C8DC-DE30-43E3-9872-5A7A98416262}.Debug|x64.Build.0 = Debug|x64
		{8CC2C8DC-DE30-43E3-9872-5A7A98416262}.Debug|x86.ActiveCfg = Debug|Win32
		{8CC2C8DC-DE30-43E3-9872-5A7A98416262}.Debug|x86.Build.0 = Debug|Win32
		{8CC2C8DC-DE30-43E3-9872-5A7A98416262}.Release|x64.ActiveCfg = Release|x64
		{8CC2C8DC-DE30-43E3-9872-5A7A98416262}.Release|x64.Build.0 = Release|x64
		{8CC2C8DC-DE30-43E3-9872-5A7A98416262}.Release|x86.ActiveCfg = Release|Win32
		{8CC2C8DC-DE30-43E3-9872-5A7A98416262}.Release|x86.Build.0 = Release|Win32
		{DF6BD500-423E-4049-9F21-F8B65F637189}.Debug|x64.ActiveCfg = Debug|x64
		{DF6BD500-423E-4049-9F21-F8B65F637189}.Debug|x64.Build.0 = Debug|x64
		{DF6BD500-423E-4049-9F21-F8B65F637189}.Debug|x86.ActiveCfg = Debug|Win32
		{DF6BD500-423E-4049-9F21-F8B65F637189}.Debug|x86.Build.0 = Debug|Win32
		{DF6BD500-423E-4049-9F21-F8B65F637189}.Release|x64.ActiveCfg = Release|x64
		{DF6BD500-423E-4049-9F21-F8B65F637189}.Release|x64.Build.0 = Release|x64
		{DF6BD500-423E-4049-9F21-F8B65F637189}.Release|x86.ActiveCfg = Release|Win32
		{DF6BD500-423E-4049-9F21-F8B65F637189}.Release|x86.Build.0 = Release|Win32
		{DF653F3C-633E-4317-90E0-5CD22B8050AC}.Debug|x64.ActiveCfg = Debug|x64
		{DF653F3C-633E-4317-90E0-5CD22B8050AC}.Debug|x64.Build.0 = Debug|x64
		{DF653F3C-633E-4317-90E0-5CD22B8050AC}.Debug|x86.ActiveCfg = Debug|Win32
		{DF653F3C-633E-4317-90E0-5CD22B8050AC}.Debug|x86.Build.0 = Debug|Win32
		{DF653F3C-633E-4317-90E0-5CD22B8050AC}.Release|x64.ActiveCfg = Release|x64
		{DF653F3C-633E-4317-90E0-5CD22B8050AC}.Release|x64.Build.0 = Release|x64
		{DF653F3C-633E-4317-90E0-5CD22B8050AC}.Release|x86.ActiveCfg = Release|Win32
		{DF653F3C-633E-4317-90E0-5CD22B8050AC}.Release|x86.Build.0 = Release|Win32
		{038A0C55-B9B2-41C5-BF31-811D7F692E90}.Debug|x64.ActiveCfg = Debug|x64
		{038A0C55-B9B2-41C5-BF31-811D7F692E90}.Debug|x64.Build.0 = Debug|x64
		{038A0C55-B9B2-41C5-BF31-811D7F692E90}.Debug|x86.ActiveCfg = Debug|Win32
		{038A0C55-B9B2-41C5-BF31-811D7F692E90}.Debug|x86.Build.0 = Debug|Win32
		{038A0C55-B9B2-41C5-BF31-811D7F692E90}.Release|x64.ActiveCfg = Release|x64
		{038A0C55-B9B2-41C5-BF31-811D7F692E90}.Release|x64.Build.0 = Release|x64
		{038A0C55-B9B2-41C5-BF31-811D7F692E90}.Release|x86.ActiveCfg = Release|Win32
		{038A0C55-B9B2-41C5-BF31-811D7F692E90}.Release|x86.Build.0 = Release|Win32
		{55887420-77C9-4869-9609-7525646E9849}.Debug|x64.ActiveCfg = Debug|x64
		{55887420-77C9-4869-9609-7525646E9849}.Debug|x64.Build.0 = Debug|x64
		{55887420-77C9-4869-9609-7525646E9849}.Debug|x86.ActiveCfg = Debug|Win32
		{55887420-77C9-4869-9609-7525646E9849}.Debug|x86.Build.0 = Debug|Win32
		{55887420-77C9-4869-9609-7525646E9849}.Release|x64.ActiveCfg = Release|x64
		{55887420-77C9-4869-9609-7525646E9849}.Release|x64.Build.0 = Release|x64
		{55887420-77C9-4869-9609-7525646E9849}.Release|x86.ActiveCfg = Release|Win32
		{55887420-77C9-4869-9609-7525646E9849}.Release|x86.Build.0 = Release|Win32
		{526DC5D7-6548-4C4F-AC45-0DBF8CE2FD85}.Debug|x64.ActiveCfg = Debug|x64
		{526DC5D7-6548-4C4F-AC45-0DBF8CE2FD85}.Debug|x64.Build.0 = Debug|x64
		{526DC5D7-6548-4C4F-AC45-0DBF8CE2FD85}.Debug|x86.ActiveCfg = Debug|Win32
		{526DC5D7-6548-4C4F-AC45-0DBF8CE2FD85}.Debug|x86.Build.0 = Debug|Win32
		{526DC5D7-6548-4C4F-AC45-0DBF8CE2FD85}.Release|x64.ActiveCfg = Release|x64
		{526DC5D7-6548-4C4F-AC45-0DBF8CE2FD85}.Release|x64.Build.0 = Release|x64
		{526DC5D7-6548-4C4F-AC45-0DBF8CE2FD85}.Release|x86.ActiveCfg = Release|Win32
		{526DC5D7-6548-4C4F-AC45-0DBF8CE2FD85}.Release|x86.Build.0 = Release|Win32
		{E3C15C8A-A6D4-41EE-A95D-862CAE7FB9B8}.Debug|x64.ActiveCfg = Debug|x64
		{E3C15C8A-A6D4-41EE-A95D-862CAE7FB9B8}.Debug|x64.Build.0 = Debug|x64
		{E3C15C8A-A6D4-41EE-A95D-862CAE7FB9B8}.Debug|x86.ActiveCfg = Debug|Win32
		{E3C15C8A-A6D4-41EE-A95D-862CAE7FB9B8}.Debug|x86.Build.0 = Debug|Win32
		{E3C15C8A-A6D4-41EE-A95D-862CAE7FB9B8}.Release|x64.ActiveCfg = Release|x64
		{E3C15C8A-A6D4-41EE-A95D-862CAE7FB9B8}.Release|x64.Build.0 = Release|x64
		{E3C15C8A-A6D4-41EE-A95D-862CAE7FB9B8}.Release|x86.ActiveCfg = Release|Win32
		{E3C15C8A-A6D4-41EE-A95D-862CAE7FB9B8}.Release|x86.Build.0 = Release|Win32
		{9F198809-5422-4409-BD0F-AC22467EB93D}.Debug|x64.ActiveCfg = Debug|x64
		{9F198809-5422-4409-BD0F-AC22467EB93D}.Debug|x64.Build.0 = Debug|x64
		{9F198809-5422-4409-BD0F-AC22467EB93D}.Debug|x86.ActiveCfg = Debug|Win32
		{9F198809-5422-4409-BD0F-AC22467EB93D}.Debug|x86.Build.0 = Debug|Win32
		{9F198809-5422-4409-BD0F-AC22467EB93D}.Release|x64.ActiveCfg = Release|x64
		{9F198809-5422-4409-BD0F-AC22467EB93D}.Release|x64.Build.0 = Release|x64
		{9F198809-5422-4409-BD0F-AC22467EB93D}.Release|x86.ActiveCfg = Release|Win32
		{9F198809-5422-4409-BD0F-AC22467EB93D}.Release|x86.Build.0 = Release|Win32
		{FC8B9189-A527-458C-BF34-4DC32CE954DB}.Debug|x64.ActiveCfg = Debug|x64
		{FC8B9189-A527-458C-BF34-4DC32CE954DB}.Debug|x64.Build.0 = Debug|x64
		{FC8B9189-A527-458C-BF34-4DC32CE954DB}.Debug|x86.ActiveCfg = Debug|Win32
		{FC8B9189-A527-458C-BF34-4DC32CE954DB}.Debug|x86.Build.0 = Debug|Win32
		{FC8B9189-A527-458C-BF34-4DC32CE954DB}.Release|x64.ActiveCfg = Release|x64
		{FC8B9189-A527-458C-BF34-4DC32CE954DB}.Release|x64.Build.0 = Release|x64
		{FC8B9189-A527-458C-BF34-4DC32CE954DB}.Release|x86.ActiveCfg = Release|Win32
		{FC8B9189-A527-458C-BF34-4DC32CE954DB}.Release|x86.Build.0 = Release|Win32
		{E58C7497-D8A4-4175-9C0C-9E199CD235BE}.Debug|x64.ActiveCfg = Debug|x64
		{E58C7497-D8A4-4175-9C0C-9E199CD235BE}.Debug|x64.Build.0 = Debug|x64
		{E58C7497-D8A4-4175-9C0C-9E199CD235BE}.Debug|x86.ActiveCfg = Debug|Win32
		{E58C7497-D8A4-4175-9C0C-9E199CD235BE}.Debug|x86.Build.0 = Debug|Win32
		{E58C7497-D8A4-4175-9C0C-9E199CD235BE}.Release|x64.ActiveCfg = Release|x64
		{E58C7497-D8A4-4175-9C0C-9E199CD235BE}.Release|x64.Build.0 = Release|x64
		{E58C7497-D8A4-4175-9C0C-9E199CD235BE}.Release|x86.ActiveCfg = Release|Win32
		{E58C7497-D8A4-4175-9C0C-9E199CD235BE}.Release|x86.Build.0 = Release|Win32
		{434EC55C-DF60-401F-8028-15ECFB42D89C}.Debug|x64.ActiveCfg = Debug|x64
		{434EC55C-DF60-401F-8028-15ECFB42D89C}.Debug|x64.Build.0 = Debug|x64
		{434EC55C-DF60-401F-8028-15ECFB42D89C}.Debug|x86.ActiveCfg = Debug|Win32
		{434EC55C-DF60-401F-8028-15ECFB42D89C}.Debug|x86.Build.0 = Debug|Win32
		{434EC55C-DF60-401F-8028-15ECFB42D89C}.Release|x64.ActiveCfg = Release|x64
		{434EC55C-DF60-401F-8028-15ECFB42D89C}.Release|x64.Build.0 = Release|x64
		{434EC55C-DF60-401F-8028-15ECFB42D89C}.Release|x86.ActiveCfg = Release|Win32
		{434EC55C-DF60-401F-8028-15ECFB42D89C}.Release|x86.Build.0 = Release|Win32
		{36665872-31AC-4349-B669-C6EF33302A5F}.Debug|x64.ActiveCfg = Debug|x64
		{36665872-31AC-4349-B669-C6EF33302A5F}.Debug|x64.Build.0 = Debug|x64
		{36665872-31AC-4349-B669-C6EF33302A5F}.Debug|x86.ActiveCfg = Debug|Win32
		{36665872-31AC-4349-B669-C6EF33302A5F}.Debug|x86.Build.0 = Debug|Win32
		{36665872-31AC-4349-B669-C6EF33302A5F}.Release|x64.ActiveCfg = Release|x64
		{36665872-31AC-4349-B669-C6EF33302A5F}.Release|x64.Build.0 = Release|x64
		{36665872-31AC-4349-B669-C6EF33302A5F}.Release|x86.ActiveCfg = Release|Win32
		{36665872-31AC-4349-B669-C6EF33302A5F}.Release|x86.Build.0 = Release|Win32
		{33CC69EA-28BA-484C-BA1D-404E72DBA2FD}.Debug|x64.ActiveCfg = Debug|x64
		{33CC69EA-28BA-484C-BA1D-404E72DBA2FD}.Debug|x64.Build.0 = Debug|x64
		{33CC69EA-28BA-484C-BA1D-404E72DBA2FD}.Debug|x86.ActiveCfg = Debug|Win32
		{33CC69EA-28BA-484C-BA1D-404E72DBA2FD}.Debug|x86.Build.0 = Debug|Win32
		{33CC69EA-28BA-484C-BA1D-404E72DBA2FD}.Release|x64.ActiveCfg = Release|x64
		{33CC69EA-28BA-484C-BA1D-404E72DBA2FD}.Release|x64.Build.0 = Release|x64
		{33CC69EA-28BA-484C-BA1D-404E72DBA2FD}.Release|x86.ActiveCfg = Release|Win32
		{33CC69EA-28BA-484C-BA1D-404E72DBA2FD}.Release|x86.Build.0 = Release|Win32
	EndGlobalSection
	GlobalSection(SolutionProperties) = preSolution
		HideSolutionNode = FALSE
	EndGlobalSection
	GlobalSection(ExtensibilityGlobals) = postSolution
		SolutionGuid = {8F050C15-C3F9-4E71-A3F4-56F3C79FD7FD}
	EndGlobalSection
EndGlobal
